{
  "object": {
    "pins": [
      {
        "package": "Signals",
        "repositoryURL": "https://github.com/artman/Signals",
        "state": {
          "branch": "master",
          "revision": "e792eb51a64f85d043d17f09f6323b803b9f73b8",
          "version": null
        }
      }
    ]
  },
  "version": 1
}
