// !$*UTF8*$!
{
	archiveVersion = 1;
	classes = {
	};
	objectVersion = 46;
	objects = {

/* Begin PBXBuildFile section */
		32795767FDD15D08C12F8827 /* Pods_SwiftySensorsExample.framework in Frameworks */ = {isa = PBXBuildFile; fileRef = 4462C1626922822555313B81 /* Pods_SwiftySensorsExample.framework */; };
		8D1C70771CA332FD00A72487 /* Operators.swift in Sources */ = {isa = PBXBuildFile; fileRef = 8D1C70761CA332FD00A72487 /* Operators.swift */; };
		8D1C70791CA3330400A72487 /* RSSINormalizer.swift in Sources */ = {isa = PBXBuildFile; fileRef = 8D1C70781CA3330400A72487 /* RSSINormalizer.swift */; };
		8D22FDD91CA07F2600B4CC0B /* CyclingPowerSerializer.swift in Sources */ = {isa = PBXBuildFile; fileRef = 8D22FDD81CA07F2600B4CC0B /* CyclingPowerSerializer.swift */; };
		8D22FDDB1CA097AE00B4CC0B /* HeartRateService.swift in Sources */ = {isa = PBXBuildFile; fileRef = 8D22FDDA1CA097AE00B4CC0B /* HeartRateService.swift */; };
		8D22FDDD1CA0987C00B4CC0B /* HeartRateSerializer.swift in Sources */ = {isa = PBXBuildFile; fileRef = 8D22FDDC1CA0987C00B4CC0B /* HeartRateSerializer.swift */; };
		8D22FDDF1CA09E1F00B4CC0B /* CyclingSpeedCadenceService.swift in Sources */ = {isa = PBXBuildFile; fileRef = 8D22FDDE1CA09E1F00B4CC0B /* CyclingSpeedCadenceService.swift */; };
		8D22FDE11CA09E2A00B4CC0B /* CyclingSpeedCadenceSerializer.swift in Sources */ = {isa = PBXBuildFile; fileRef = 8D22FDE01CA09E2A00B4CC0B /* CyclingSpeedCadenceSerializer.swift */; };
		8D22FDE31CA0A31B00B4CC0B /* CyclingSerializer.swift in Sources */ = {isa = PBXBuildFile; fileRef = 8D22FDE21CA0A31B00B4CC0B /* CyclingSerializer.swift */; };
		8D4FA77E1C9C87A2000285BA /* Sensor.swift in Sources */ = {isa = PBXBuildFile; fileRef = 8D4FA76B1C9C8658000285BA /* Sensor.swift */; };
		8D4FA77F1C9C87A4000285BA /* SensorManager.swift in Sources */ = {isa = PBXBuildFile; fileRef = 8D4FA76C1C9C8658000285BA /* SensorManager.swift */; };
		8D5595141CA0AE1D00F8BD72 /* CoreBluetooth.swift in Sources */ = {isa = PBXBuildFile; fileRef = 8D5595131CA0AE1D00F8BD72 /* CoreBluetooth.swift */; };
		8D659A711C9C890300CF3C60 /* CyclingPowerService.swift in Sources */ = {isa = PBXBuildFile; fileRef = 8D4FA7701C9C8658000285BA /* CyclingPowerService.swift */; };
		8D659AB91C9C8B2300CF3C60 /* AppDelegate.swift in Sources */ = {isa = PBXBuildFile; fileRef = 8D659AB81C9C8B2300CF3C60 /* AppDelegate.swift */; };
		8D659ABB1C9C8B2300CF3C60 /* SensorListViewController.swift in Sources */ = {isa = PBXBuildFile; fileRef = 8D659ABA1C9C8B2300CF3C60 /* SensorListViewController.swift */; };
		8D659ABE1C9C8B2300CF3C60 /* Main.storyboard in Resources */ = {isa = PBXBuildFile; fileRef = 8D659ABC1C9C8B2300CF3C60 /* Main.storyboard */; };
		8D659AC01C9C8B2300CF3C60 /* Assets.xcassets in Resources */ = {isa = PBXBuildFile; fileRef = 8D659ABF1C9C8B2300CF3C60 /* Assets.xcassets */; };
		8D659AC31C9C8B2300CF3C60 /* LaunchScreen.storyboard in Resources */ = {isa = PBXBuildFile; fileRef = 8D659AC11C9C8B2300CF3C60 /* LaunchScreen.storyboard */; };
		8D659ACA1C9C8B4000CF3C60 /* Characteristic.swift in Sources */ = {isa = PBXBuildFile; fileRef = 8D659AC81C9C8B4000CF3C60 /* Characteristic.swift */; };
		8D659ACB1C9C8B4000CF3C60 /* Service.swift in Sources */ = {isa = PBXBuildFile; fileRef = 8D659AC91C9C8B4000CF3C60 /* Service.swift */; };
		8D659AD11C9C8D8700CF3C60 /* SwiftySensors.framework in Frameworks */ = {isa = PBXBuildFile; fileRef = 8D4FA7761C9C8693000285BA /* SwiftySensors.framework */; };
		8D659AD31C9C8D8E00CF3C60 /* CoreBluetooth.framework in Frameworks */ = {isa = PBXBuildFile; fileRef = 8D659AD21C9C8D8E00CF3C60 /* CoreBluetooth.framework */; };
		8D659AD71C9C8DC800CF3C60 /* SwiftySensors.framework in Embed Frameworks */ = {isa = PBXBuildFile; fileRef = 8D4FA7761C9C8693000285BA /* SwiftySensors.framework */; settings = {ATTRIBUTES = (CodeSignOnCopy, RemoveHeadersOnCopy, ); }; };
		8D659ADA1C9C9AB900CF3C60 /* SensorDetailsViewController.swift in Sources */ = {isa = PBXBuildFile; fileRef = 8D659AD91C9C9AB900CF3C60 /* SensorDetailsViewController.swift */; };
		8D659ADD1C9CA98F00CF3C60 /* DeviceInformationService.swift in Sources */ = {isa = PBXBuildFile; fileRef = 8D659ADB1C9CA98B00CF3C60 /* DeviceInformationService.swift */; };
		8D8140201CA5994F001D75B3 /* Operators.swift in Sources */ = {isa = PBXBuildFile; fileRef = 8D1C70761CA332FD00A72487 /* Operators.swift */; };
		8D8140211CA5994F001D75B3 /* RSSINormalizer.swift in Sources */ = {isa = PBXBuildFile; fileRef = 8D1C70781CA3330400A72487 /* RSSINormalizer.swift */; };
		8D8140221CA5994F001D75B3 /* CoreBluetooth.swift in Sources */ = {isa = PBXBuildFile; fileRef = 8D5595131CA0AE1D00F8BD72 /* CoreBluetooth.swift */; };
		8D8140231CA5994F001D75B3 /* SensorManager.swift in Sources */ = {isa = PBXBuildFile; fileRef = 8D4FA76C1C9C8658000285BA /* SensorManager.swift */; };
		8D8140241CA5994F001D75B3 /* Sensor.swift in Sources */ = {isa = PBXBuildFile; fileRef = 8D4FA76B1C9C8658000285BA /* Sensor.swift */; };
		8D8140251CA5994F001D75B3 /* Service.swift in Sources */ = {isa = PBXBuildFile; fileRef = 8D659AC91C9C8B4000CF3C60 /* Service.swift */; };
		8D8140261CA5994F001D75B3 /* Characteristic.swift in Sources */ = {isa = PBXBuildFile; fileRef = 8D659AC81C9C8B4000CF3C60 /* Characteristic.swift */; };
		8D8140271CA59955001D75B3 /* CyclingSerializer.swift in Sources */ = {isa = PBXBuildFile; fileRef = 8D22FDE21CA0A31B00B4CC0B /* CyclingSerializer.swift */; };
		8D8140281CA59955001D75B3 /* CyclingPowerSerializer.swift in Sources */ = {isa = PBXBuildFile; fileRef = 8D22FDD81CA07F2600B4CC0B /* CyclingPowerSerializer.swift */; };
		8D8140291CA59955001D75B3 /* CyclingSpeedCadenceSerializer.swift in Sources */ = {isa = PBXBuildFile; fileRef = 8D22FDE01CA09E2A00B4CC0B /* CyclingSpeedCadenceSerializer.swift */; };
		8D81402A1CA59955001D75B3 /* HeartRateSerializer.swift in Sources */ = {isa = PBXBuildFile; fileRef = 8D22FDDC1CA0987C00B4CC0B /* HeartRateSerializer.swift */; };
		8D81402C1CA5995A001D75B3 /* CyclingPowerService.swift in Sources */ = {isa = PBXBuildFile; fileRef = 8D4FA7701C9C8658000285BA /* CyclingPowerService.swift */; };
		8D81402D1CA5995A001D75B3 /* CyclingSpeedCadenceService.swift in Sources */ = {isa = PBXBuildFile; fileRef = 8D22FDDE1CA09E1F00B4CC0B /* CyclingSpeedCadenceService.swift */; };
		8D81402E1CA5995A001D75B3 /* DeviceInformationService.swift in Sources */ = {isa = PBXBuildFile; fileRef = 8D659ADB1C9CA98B00CF3C60 /* DeviceInformationService.swift */; };
		8D81402F1CA5995A001D75B3 /* HeartRateService.swift in Sources */ = {isa = PBXBuildFile; fileRef = 8D22FDDA1CA097AE00B4CC0B /* HeartRateService.swift */; };
		8D95ED0D1E5B65AE00A91EBC /* ServiceDetailsViewController.swift in Sources */ = {isa = PBXBuildFile; fileRef = 8D95ED0C1E5B65AE00A91EBC /* ServiceDetailsViewController.swift */; };
		8D95ED0F1E5B6AA400A91EBC /* CharacteristicViewController.swift in Sources */ = {isa = PBXBuildFile; fileRef = 8D95ED0E1E5B6AA400A91EBC /* CharacteristicViewController.swift */; };
		AA4D11A87E1002D5839565A1 /* Pods_SwiftySensors_iOS.framework in Frameworks */ = {isa = PBXBuildFile; fileRef = EEF44B2F4D7FDEC8E97B5C7F /* Pods_SwiftySensors_iOS.framework */; };
		BE444B3F4F9DEF9204A2C724 /* Pods_SwiftySensors_macOS.framework in Frameworks */ = {isa = PBXBuildFile; fileRef = 3372C1A48ECD9D0C8F5CAC93 /* Pods_SwiftySensors_macOS.framework */; };
		D81C9BED4FECB9C7978FB2EF /* Pods_SwiftySensors_OSX.framework in Frameworks */ = {isa = PBXBuildFile; fileRef = EC888A3B95B85FD5F6E62741 /* Pods_SwiftySensors_OSX.framework */; };
/* End PBXBuildFile section */

/* Begin PBXContainerItemProxy section */
		8D659AD41C9C8DAE00CF3C60 /* PBXContainerItemProxy */ = {
			isa = PBXContainerItemProxy;
			containerPortal = 8D4FA74A1C9C8594000285BA /* Project object */;
			proxyType = 1;
			remoteGlobalIDString = 8D4FA7751C9C8693000285BA;
			remoteInfo = "SwiftySensors iOS";
		};
/* End PBXContainerItemProxy section */

/* Begin PBXCopyFilesBuildPhase section */
		8D659AD81C9C8DC800CF3C60 /* Embed Frameworks */ = {
			isa = PBXCopyFilesBuildPhase;
			buildActionMask = 2147483647;
			dstPath = "";
			dstSubfolderSpec = 10;
			files = (
				8D659AD71C9C8DC800CF3C60 /* SwiftySensors.framework in Embed Frameworks */,
			);
			name = "Embed Frameworks";
			runOnlyForDeploymentPostprocessing = 0;
		};
/* End PBXCopyFilesBuildPhase section */

/* Begin PBXFileReference section */
		1A2D44AE2FB4B3D9723A50E4 /* Pods-SwiftySensors iOS.release.xcconfig */ = {isa = PBXFileReference; includeInIndex = 1; lastKnownFileType = text.xcconfig; name = "Pods-SwiftySensors iOS.release.xcconfig"; path = "Pods/Target Support Files/Pods-SwiftySensors iOS/Pods-SwiftySensors iOS.release.xcconfig"; sourceTree = "<group>"; };
		3372C1A48ECD9D0C8F5CAC93 /* Pods_SwiftySensors_macOS.framework */ = {isa = PBXFileReference; explicitFileType = wrapper.framework; includeInIndex = 0; path = Pods_SwiftySensors_macOS.framework; sourceTree = BUILT_PRODUCTS_DIR; };
		4462C1626922822555313B81 /* Pods_SwiftySensorsExample.framework */ = {isa = PBXFileReference; explicitFileType = wrapper.framework; includeInIndex = 0; path = Pods_SwiftySensorsExample.framework; sourceTree = BUILT_PRODUCTS_DIR; };
		4ECD6A6CB9525B5D049E8E13 /* Pods-SwiftySensors OSX.release.xcconfig */ = {isa = PBXFileReference; includeInIndex = 1; lastKnownFileType = text.xcconfig; name = "Pods-SwiftySensors OSX.release.xcconfig"; path = "Pods/Target Support Files/Pods-SwiftySensors OSX/Pods-SwiftySensors OSX.release.xcconfig"; sourceTree = "<group>"; };
		729A82EB561939033B80C0E0 /* Pods-SwiftySensors macOS.debug.xcconfig */ = {isa = PBXFileReference; includeInIndex = 1; lastKnownFileType = text.xcconfig; name = "Pods-SwiftySensors macOS.debug.xcconfig"; path = "Pods/Target Support Files/Pods-SwiftySensors macOS/Pods-SwiftySensors macOS.debug.xcconfig"; sourceTree = "<group>"; };
		8D1C70761CA332FD00A72487 /* Operators.swift */ = {isa = PBXFileReference; fileEncoding = 4; lastKnownFileType = sourcecode.swift; name = Operators.swift; path = Source/Operators.swift; sourceTree = "<group>"; };
		8D1C70781CA3330400A72487 /* RSSINormalizer.swift */ = {isa = PBXFileReference; fileEncoding = 4; lastKnownFileType = sourcecode.swift; name = RSSINormalizer.swift; path = Source/RSSINormalizer.swift; sourceTree = "<group>"; };
		8D22FDD81CA07F2600B4CC0B /* CyclingPowerSerializer.swift */ = {isa = PBXFileReference; fileEncoding = 4; lastKnownFileType = sourcecode.swift; path = CyclingPowerSerializer.swift; sourceTree = "<group>"; };
		8D22FDDA1CA097AE00B4CC0B /* HeartRateService.swift */ = {isa = PBXFileReference; fileEncoding = 4; lastKnownFileType = sourcecode.swift; path = HeartRateService.swift; sourceTree = "<group>"; };
		8D22FDDC1CA0987C00B4CC0B /* HeartRateSerializer.swift */ = {isa = PBXFileReference; fileEncoding = 4; lastKnownFileType = sourcecode.swift; path = HeartRateSerializer.swift; sourceTree = "<group>"; };
		8D22FDDE1CA09E1F00B4CC0B /* CyclingSpeedCadenceService.swift */ = {isa = PBXFileReference; fileEncoding = 4; lastKnownFileType = sourcecode.swift; path = CyclingSpeedCadenceService.swift; sourceTree = "<group>"; };
		8D22FDE01CA09E2A00B4CC0B /* CyclingSpeedCadenceSerializer.swift */ = {isa = PBXFileReference; fileEncoding = 4; lastKnownFileType = sourcecode.swift; path = CyclingSpeedCadenceSerializer.swift; sourceTree = "<group>"; };
		8D22FDE21CA0A31B00B4CC0B /* CyclingSerializer.swift */ = {isa = PBXFileReference; fileEncoding = 4; lastKnownFileType = sourcecode.swift; path = CyclingSerializer.swift; sourceTree = "<group>"; };
		8D4FA76B1C9C8658000285BA /* Sensor.swift */ = {isa = PBXFileReference; lastKnownFileType = sourcecode.swift; name = Sensor.swift; path = Source/Sensor.swift; sourceTree = "<group>"; };
		8D4FA76C1C9C8658000285BA /* SensorManager.swift */ = {isa = PBXFileReference; lastKnownFileType = sourcecode.swift; name = SensorManager.swift; path = Source/SensorManager.swift; sourceTree = "<group>"; };
		8D4FA7701C9C8658000285BA /* CyclingPowerService.swift */ = {isa = PBXFileReference; lastKnownFileType = sourcecode.swift; path = CyclingPowerService.swift; sourceTree = "<group>"; };
		8D4FA7761C9C8693000285BA /* SwiftySensors.framework */ = {isa = PBXFileReference; explicitFileType = wrapper.framework; includeInIndex = 0; path = SwiftySensors.framework; sourceTree = BUILT_PRODUCTS_DIR; };
		8D5595131CA0AE1D00F8BD72 /* CoreBluetooth.swift */ = {isa = PBXFileReference; fileEncoding = 4; lastKnownFileType = sourcecode.swift; name = CoreBluetooth.swift; path = Source/CoreBluetooth.swift; sourceTree = "<group>"; };
		8D659AB61C9C8B2300CF3C60 /* SwiftySensorsExample.app */ = {isa = PBXFileReference; explicitFileType = wrapper.application; includeInIndex = 0; path = SwiftySensorsExample.app; sourceTree = BUILT_PRODUCTS_DIR; };
		8D659AB81C9C8B2300CF3C60 /* AppDelegate.swift */ = {isa = PBXFileReference; lastKnownFileType = sourcecode.swift; path = AppDelegate.swift; sourceTree = "<group>"; };
		8D659ABA1C9C8B2300CF3C60 /* SensorListViewController.swift */ = {isa = PBXFileReference; lastKnownFileType = sourcecode.swift; path = SensorListViewController.swift; sourceTree = "<group>"; };
		8D659ABD1C9C8B2300CF3C60 /* Base */ = {isa = PBXFileReference; lastKnownFileType = file.storyboard; name = Base; path = Base.lproj/Main.storyboard; sourceTree = "<group>"; };
		8D659ABF1C9C8B2300CF3C60 /* Assets.xcassets */ = {isa = PBXFileReference; lastKnownFileType = folder.assetcatalog; path = Assets.xcassets; sourceTree = "<group>"; };
		8D659AC21C9C8B2300CF3C60 /* Base */ = {isa = PBXFileReference; lastKnownFileType = file.storyboard; name = Base; path = Base.lproj/LaunchScreen.storyboard; sourceTree = "<group>"; };
		8D659AC41C9C8B2300CF3C60 /* Info.plist */ = {isa = PBXFileReference; lastKnownFileType = text.plist.xml; path = Info.plist; sourceTree = "<group>"; };
		8D659AC81C9C8B4000CF3C60 /* Characteristic.swift */ = {isa = PBXFileReference; fileEncoding = 4; lastKnownFileType = sourcecode.swift; name = Characteristic.swift; path = Source/Characteristic.swift; sourceTree = "<group>"; };
		8D659AC91C9C8B4000CF3C60 /* Service.swift */ = {isa = PBXFileReference; fileEncoding = 4; lastKnownFileType = sourcecode.swift; name = Service.swift; path = Source/Service.swift; sourceTree = "<group>"; };
		8D659AD21C9C8D8E00CF3C60 /* CoreBluetooth.framework */ = {isa = PBXFileReference; lastKnownFileType = wrapper.framework; name = CoreBluetooth.framework; path = System/Library/Frameworks/CoreBluetooth.framework; sourceTree = SDKROOT; };
		8D659AD91C9C9AB900CF3C60 /* SensorDetailsViewController.swift */ = {isa = PBXFileReference; fileEncoding = 4; lastKnownFileType = sourcecode.swift; path = SensorDetailsViewController.swift; sourceTree = "<group>"; };
		8D659ADB1C9CA98B00CF3C60 /* DeviceInformationService.swift */ = {isa = PBXFileReference; fileEncoding = 4; lastKnownFileType = sourcecode.swift; path = DeviceInformationService.swift; sourceTree = "<group>"; };
		8D8140181CA59927001D75B3 /* SwiftySensors.framework */ = {isa = PBXFileReference; explicitFileType = wrapper.framework; includeInIndex = 0; path = SwiftySensors.framework; sourceTree = BUILT_PRODUCTS_DIR; };
		8D95ED0C1E5B65AE00A91EBC /* ServiceDetailsViewController.swift */ = {isa = PBXFileReference; fileEncoding = 4; lastKnownFileType = sourcecode.swift; path = ServiceDetailsViewController.swift; sourceTree = "<group>"; };
		8D95ED0E1E5B6AA400A91EBC /* CharacteristicViewController.swift */ = {isa = PBXFileReference; fileEncoding = 4; lastKnownFileType = sourcecode.swift; path = CharacteristicViewController.swift; sourceTree = "<group>"; };
		8E0CA8DA1F947A76F0DD92B2 /* Pods-SwiftySensorsExample.debug.xcconfig */ = {isa = PBXFileReference; includeInIndex = 1; lastKnownFileType = text.xcconfig; name = "Pods-SwiftySensorsExample.debug.xcconfig"; path = "Pods/Target Support Files/Pods-SwiftySensorsExample/Pods-SwiftySensorsExample.debug.xcconfig"; sourceTree = "<group>"; };
		A93CE12FCA0CC539B7762144 /* Pods-SwiftySensorsExample.release.xcconfig */ = {isa = PBXFileReference; includeInIndex = 1; lastKnownFileType = text.xcconfig; name = "Pods-SwiftySensorsExample.release.xcconfig"; path = "Pods/Target Support Files/Pods-SwiftySensorsExample/Pods-SwiftySensorsExample.release.xcconfig"; sourceTree = "<group>"; };
		AE7CD880E8101430CD349D95 /* Pods-SwiftySensors iOS.debug.xcconfig */ = {isa = PBXFileReference; includeInIndex = 1; lastKnownFileType = text.xcconfig; name = "Pods-SwiftySensors iOS.debug.xcconfig"; path = "Pods/Target Support Files/Pods-SwiftySensors iOS/Pods-SwiftySensors iOS.debug.xcconfig"; sourceTree = "<group>"; };
		D5A6740AFC2FCD3ABCBA24BF /* Pods-SwiftySensors OSX.debug.xcconfig */ = {isa = PBXFileReference; includeInIndex = 1; lastKnownFileType = text.xcconfig; name = "Pods-SwiftySensors OSX.debug.xcconfig"; path = "Pods/Target Support Files/Pods-SwiftySensors OSX/Pods-SwiftySensors OSX.debug.xcconfig"; sourceTree = "<group>"; };
		DEF7262D4AB6CD5A91D9E64E /* Pods-SwiftySensors macOS.release.xcconfig */ = {isa = PBXFileReference; includeInIndex = 1; lastKnownFileType = text.xcconfig; name = "Pods-SwiftySensors macOS.release.xcconfig"; path = "Pods/Target Support Files/Pods-SwiftySensors macOS/Pods-SwiftySensors macOS.release.xcconfig"; sourceTree = "<group>"; };
		EC888A3B95B85FD5F6E62741 /* Pods_SwiftySensors_OSX.framework */ = {isa = PBXFileReference; explicitFileType = wrapper.framework; includeInIndex = 0; path = Pods_SwiftySensors_OSX.framework; sourceTree = BUILT_PRODUCTS_DIR; };
		EEF44B2F4D7FDEC8E97B5C7F /* Pods_SwiftySensors_iOS.framework */ = {isa = PBXFileReference; explicitFileType = wrapper.framework; includeInIndex = 0; path = Pods_SwiftySensors_iOS.framework; sourceTree = BUILT_PRODUCTS_DIR; };
/* End PBXFileReference section */

/* Begin PBXFrameworksBuildPhase section */
		8D4FA7721C9C8693000285BA /* Frameworks */ = {
			isa = PBXFrameworksBuildPhase;
			buildActionMask = 2147483647;
			files = (
				AA4D11A87E1002D5839565A1 /* Pods_SwiftySensors_iOS.framework in Frameworks */,
			);
			runOnlyForDeploymentPostprocessing = 0;
		};
		8D659AB31C9C8B2300CF3C60 /* Frameworks */ = {
			isa = PBXFrameworksBuildPhase;
			buildActionMask = 2147483647;
			files = (
				8D659AD31C9C8D8E00CF3C60 /* CoreBluetooth.framework in Frameworks */,
				8D659AD11C9C8D8700CF3C60 /* SwiftySensors.framework in Frameworks */,
				32795767FDD15D08C12F8827 /* Pods_SwiftySensorsExample.framework in Frameworks */,
			);
			runOnlyForDeploymentPostprocessing = 0;
		};
		8D8140141CA59927001D75B3 /* Frameworks */ = {
			isa = PBXFrameworksBuildPhase;
			buildActionMask = 2147483647;
			files = (
				D81C9BED4FECB9C7978FB2EF /* Pods_SwiftySensors_OSX.framework in Frameworks */,
				BE444B3F4F9DEF9204A2C724 /* Pods_SwiftySensors_macOS.framework in Frameworks */,
			);
			runOnlyForDeploymentPostprocessing = 0;
		};
/* End PBXFrameworksBuildPhase section */

/* Begin PBXGroup section */
		8D4FA7491C9C8594000285BA = {
			isa = PBXGroup;
			children = (
				8D4FA7671C9C8623000285BA /* SwiftySensors */,
				8D659AB71C9C8B2300CF3C60 /* SwiftySensorsExample */,
				8D4FA7531C9C8594000285BA /* Products */,
				AFCF7A0F3A87195B435EB9B2 /* Pods */,
				9424433271DD7EBCCCD4C761 /* Frameworks */,
			);
			sourceTree = "<group>";
		};
		8D4FA7531C9C8594000285BA /* Products */ = {
			isa = PBXGroup;
			children = (
				8D4FA7761C9C8693000285BA /* SwiftySensors.framework */,
				8D659AB61C9C8B2300CF3C60 /* SwiftySensorsExample.app */,
				8D8140181CA59927001D75B3 /* SwiftySensors.framework */,
			);
			name = Products;
			sourceTree = "<group>";
		};
		8D4FA7671C9C8623000285BA /* SwiftySensors */ = {
			isa = PBXGroup;
			children = (
				8D1C70761CA332FD00A72487 /* Operators.swift */,
				8D1C70781CA3330400A72487 /* RSSINormalizer.swift */,
				8D5595131CA0AE1D00F8BD72 /* CoreBluetooth.swift */,
				8D4FA76C1C9C8658000285BA /* SensorManager.swift */,
				8D4FA76B1C9C8658000285BA /* Sensor.swift */,
				8D659AC91C9C8B4000CF3C60 /* Service.swift */,
				8D659AC81C9C8B4000CF3C60 /* Characteristic.swift */,
				8D4FA76D1C9C8658000285BA /* Serializers */,
				8D4FA76F1C9C8658000285BA /* Services */,
			);
			name = SwiftySensors;
			sourceTree = "<group>";
		};
		8D4FA76D1C9C8658000285BA /* Serializers */ = {
			isa = PBXGroup;
			children = (
				8D22FDE21CA0A31B00B4CC0B /* CyclingSerializer.swift */,
				8D22FDD81CA07F2600B4CC0B /* CyclingPowerSerializer.swift */,
				8D22FDE01CA09E2A00B4CC0B /* CyclingSpeedCadenceSerializer.swift */,
				8D22FDDC1CA0987C00B4CC0B /* HeartRateSerializer.swift */,
			);
			name = Serializers;
			path = Source/Serializers;
			sourceTree = "<group>";
		};
		8D4FA76F1C9C8658000285BA /* Services */ = {
			isa = PBXGroup;
			children = (
				8D4FA7701C9C8658000285BA /* CyclingPowerService.swift */,
				8D22FDDE1CA09E1F00B4CC0B /* CyclingSpeedCadenceService.swift */,
				8D659ADB1C9CA98B00CF3C60 /* DeviceInformationService.swift */,
				8D22FDDA1CA097AE00B4CC0B /* HeartRateService.swift */,
			);
			name = Services;
			path = Source/Services;
			sourceTree = "<group>";
		};
		8D659AB71C9C8B2300CF3C60 /* SwiftySensorsExample */ = {
			isa = PBXGroup;
			children = (
				8D659AC11C9C8B2300CF3C60 /* LaunchScreen.storyboard */,
				8D659ABC1C9C8B2300CF3C60 /* Main.storyboard */,
				8D659ABF1C9C8B2300CF3C60 /* Assets.xcassets */,
				8D659AC41C9C8B2300CF3C60 /* Info.plist */,
				8D659AB81C9C8B2300CF3C60 /* AppDelegate.swift */,
				8D659ABA1C9C8B2300CF3C60 /* SensorListViewController.swift */,
				8D659AD91C9C9AB900CF3C60 /* SensorDetailsViewController.swift */,
				8D95ED0C1E5B65AE00A91EBC /* ServiceDetailsViewController.swift */,
				8D95ED0E1E5B6AA400A91EBC /* CharacteristicViewController.swift */,
			);
			path = SwiftySensorsExample;
			sourceTree = "<group>";
		};
		9424433271DD7EBCCCD4C761 /* Frameworks */ = {
			isa = PBXGroup;
			children = (
				8D659AD21C9C8D8E00CF3C60 /* CoreBluetooth.framework */,
				EEF44B2F4D7FDEC8E97B5C7F /* Pods_SwiftySensors_iOS.framework */,
				4462C1626922822555313B81 /* Pods_SwiftySensorsExample.framework */,
				EC888A3B95B85FD5F6E62741 /* Pods_SwiftySensors_OSX.framework */,
				3372C1A48ECD9D0C8F5CAC93 /* Pods_SwiftySensors_macOS.framework */,
			);
			name = Frameworks;
			sourceTree = "<group>";
		};
		AFCF7A0F3A87195B435EB9B2 /* Pods */ = {
			isa = PBXGroup;
			children = (
				AE7CD880E8101430CD349D95 /* Pods-SwiftySensors iOS.debug.xcconfig */,
				1A2D44AE2FB4B3D9723A50E4 /* Pods-SwiftySensors iOS.release.xcconfig */,
				8E0CA8DA1F947A76F0DD92B2 /* Pods-SwiftySensorsExample.debug.xcconfig */,
				A93CE12FCA0CC539B7762144 /* Pods-SwiftySensorsExample.release.xcconfig */,
				D5A6740AFC2FCD3ABCBA24BF /* Pods-SwiftySensors OSX.debug.xcconfig */,
				4ECD6A6CB9525B5D049E8E13 /* Pods-SwiftySensors OSX.release.xcconfig */,
				729A82EB561939033B80C0E0 /* Pods-SwiftySensors macOS.debug.xcconfig */,
				DEF7262D4AB6CD5A91D9E64E /* Pods-SwiftySensors macOS.release.xcconfig */,
			);
			name = Pods;
			sourceTree = "<group>";
		};
/* End PBXGroup section */

/* Begin PBXHeadersBuildPhase section */
		8D4FA7731C9C8693000285BA /* Headers */ = {
			isa = PBXHeadersBuildPhase;
			buildActionMask = 2147483647;
			files = (
			);
			runOnlyForDeploymentPostprocessing = 0;
		};
		8D8140151CA59927001D75B3 /* Headers */ = {
			isa = PBXHeadersBuildPhase;
			buildActionMask = 2147483647;
			files = (
			);
			runOnlyForDeploymentPostprocessing = 0;
		};
/* End PBXHeadersBuildPhase section */

/* Begin PBXNativeTarget section */
		8D4FA7751C9C8693000285BA /* SwiftySensors iOS */ = {
			isa = PBXNativeTarget;
			buildConfigurationList = 8D4FA77B1C9C8693000285BA /* Build configuration list for PBXNativeTarget "SwiftySensors iOS" */;
			buildPhases = (
				3C0F5FCF35721DC5DDF6E314 /* [CP] Check Pods Manifest.lock */,
				8D4FA7711C9C8693000285BA /* Sources */,
				8D4FA7721C9C8693000285BA /* Frameworks */,
				8D4FA7731C9C8693000285BA /* Headers */,
				8D4FA7741C9C8693000285BA /* Resources */,
				9A7EE636C9D9F07F8C995AF7 /* [CP] Copy Pods Resources */,
			);
			buildRules = (
			);
			dependencies = (
			);
			name = "SwiftySensors iOS";
			productName = SwiftySensors;
			productReference = 8D4FA7761C9C8693000285BA /* SwiftySensors.framework */;
			productType = "com.apple.product-type.framework";
		};
		8D659AB51C9C8B2300CF3C60 /* SwiftySensorsExample */ = {
			isa = PBXNativeTarget;
			buildConfigurationList = 8D659AC51C9C8B2300CF3C60 /* Build configuration list for PBXNativeTarget "SwiftySensorsExample" */;
			buildPhases = (
				9C281FE8CD2D493B44844E0F /* [CP] Check Pods Manifest.lock */,
				8D659AB21C9C8B2300CF3C60 /* Sources */,
				8D659AB31C9C8B2300CF3C60 /* Frameworks */,
				8D659AB41C9C8B2300CF3C60 /* Resources */,
				8D659AD81C9C8DC800CF3C60 /* Embed Frameworks */,
				CEF4FE611DAF3D9CC5663B03 /* [CP] Embed Pods Frameworks */,
				B07C491EA1007E5EE494377D /* [CP] Copy Pods Resources */,
			);
			buildRules = (
			);
			dependencies = (
				8D659AD51C9C8DAE00CF3C60 /* PBXTargetDependency */,
			);
			name = SwiftySensorsExample;
			productName = SwiftySensorsExample;
			productReference = 8D659AB61C9C8B2300CF3C60 /* SwiftySensorsExample.app */;
			productType = "com.apple.product-type.application";
		};
		8D8140171CA59927001D75B3 /* SwiftySensors macOS */ = {
			isa = PBXNativeTarget;
			buildConfigurationList = 8D81401D1CA59927001D75B3 /* Build configuration list for PBXNativeTarget "SwiftySensors macOS" */;
			buildPhases = (
				963E0C3B8BC04E6E8F3AFE91 /* [CP] Check Pods Manifest.lock */,
				8D8140131CA59927001D75B3 /* Sources */,
				8D8140141CA59927001D75B3 /* Frameworks */,
				8D8140151CA59927001D75B3 /* Headers */,
				8D8140161CA59927001D75B3 /* Resources */,
				AAD1573581A3E6C2C90DF011 /* [CP] Copy Pods Resources */,
			);
			buildRules = (
			);
			dependencies = (
			);
			name = "SwiftySensors macOS";
			productName = SwiftySensors;
			productReference = 8D8140181CA59927001D75B3 /* SwiftySensors.framework */;
			productType = "com.apple.product-type.framework";
		};
/* End PBXNativeTarget section */

/* Begin PBXProject section */
		8D4FA74A1C9C8594000285BA /* Project object */ = {
			isa = PBXProject;
			attributes = {
				LastSwiftUpdateCheck = 0720;
				LastUpgradeCheck = 0820;
				ORGANIZATIONNAME = Kinetic;
				TargetAttributes = {
					8D4FA7751C9C8693000285BA = {
						CreatedOnToolsVersion = 7.2.1;
						LastSwiftMigration = 0820;
					};
					8D659AB51C9C8B2300CF3C60 = {
						CreatedOnToolsVersion = 7.2.1;
						LastSwiftMigration = 0820;
						ProvisioningStyle = Manual;
						SystemCapabilities = {
							com.apple.BackgroundModes = {
								enabled = 1;
							};
						};
					};
					8D8140171CA59927001D75B3 = {
						CreatedOnToolsVersion = 7.3;
						ProvisioningStyle = Manual;
					};
				};
			};
			buildConfigurationList = 8D4FA74D1C9C8594000285BA /* Build configuration list for PBXProject "SwiftySensors" */;
			compatibilityVersion = "Xcode 3.2";
			developmentRegion = English;
			hasScannedForEncodings = 0;
			knownRegions = (
				en,
				Base,
			);
			mainGroup = 8D4FA7491C9C8594000285BA;
			productRefGroup = 8D4FA7531C9C8594000285BA /* Products */;
			projectDirPath = "";
			projectRoot = "";
			targets = (
				8D4FA7751C9C8693000285BA /* SwiftySensors iOS */,
				8D8140171CA59927001D75B3 /* SwiftySensors macOS */,
				8D659AB51C9C8B2300CF3C60 /* SwiftySensorsExample */,
			);
		};
/* End PBXProject section */

/* Begin PBXResourcesBuildPhase section */
		8D4FA7741C9C8693000285BA /* Resources */ = {
			isa = PBXResourcesBuildPhase;
			buildActionMask = 2147483647;
			files = (
			);
			runOnlyForDeploymentPostprocessing = 0;
		};
		8D659AB41C9C8B2300CF3C60 /* Resources */ = {
			isa = PBXResourcesBuildPhase;
			buildActionMask = 2147483647;
			files = (
				8D659AC31C9C8B2300CF3C60 /* LaunchScreen.storyboard in Resources */,
				8D659AC01C9C8B2300CF3C60 /* Assets.xcassets in Resources */,
				8D659ABE1C9C8B2300CF3C60 /* Main.storyboard in Resources */,
			);
			runOnlyForDeploymentPostprocessing = 0;
		};
		8D8140161CA59927001D75B3 /* Resources */ = {
			isa = PBXResourcesBuildPhase;
			buildActionMask = 2147483647;
			files = (
			);
			runOnlyForDeploymentPostprocessing = 0;
		};
/* End PBXResourcesBuildPhase section */

/* Begin PBXShellScriptBuildPhase section */
		3C0F5FCF35721DC5DDF6E314 /* [CP] Check Pods Manifest.lock */ = {
			isa = PBXShellScriptBuildPhase;
			buildActionMask = 2147483647;
			files = (
			);
			inputPaths = (
			);
			name = "[CP] Check Pods Manifest.lock";
			outputPaths = (
			);
			runOnlyForDeploymentPostprocessing = 0;
			shellPath = /bin/sh;
			shellScript = "diff \"${PODS_ROOT}/../Podfile.lock\" \"${PODS_ROOT}/Manifest.lock\" > /dev/null\nif [ $? != 0 ] ; then\n    # print error to STDERR\n    echo \"error: The sandbox is not in sync with the Podfile.lock. Run 'pod install' or update your CocoaPods installation.\" >&2\n    exit 1\nfi\n";
			showEnvVarsInLog = 0;
		};
		963E0C3B8BC04E6E8F3AFE91 /* [CP] Check Pods Manifest.lock */ = {
			isa = PBXShellScriptBuildPhase;
			buildActionMask = 2147483647;
			files = (
			);
			inputPaths = (
			);
			name = "[CP] Check Pods Manifest.lock";
			outputPaths = (
			);
			runOnlyForDeploymentPostprocessing = 0;
			shellPath = /bin/sh;
			shellScript = "diff \"${PODS_ROOT}/../Podfile.lock\" \"${PODS_ROOT}/Manifest.lock\" > /dev/null\nif [ $? != 0 ] ; then\n    # print error to STDERR\n    echo \"error: The sandbox is not in sync with the Podfile.lock. Run 'pod install' or update your CocoaPods installation.\" >&2\n    exit 1\nfi\n";
			showEnvVarsInLog = 0;
		};
		9A7EE636C9D9F07F8C995AF7 /* [CP] Copy Pods Resources */ = {
			isa = PBXShellScriptBuildPhase;
			buildActionMask = 2147483647;
			files = (
			);
			inputPaths = (
			);
			name = "[CP] Copy Pods Resources";
			outputPaths = (
			);
			runOnlyForDeploymentPostprocessing = 0;
			shellPath = /bin/sh;
			shellScript = "\"${SRCROOT}/Pods/Target Support Files/Pods-SwiftySensors iOS/Pods-SwiftySensors iOS-resources.sh\"\n";
			showEnvVarsInLog = 0;
		};
		9C281FE8CD2D493B44844E0F /* [CP] Check Pods Manifest.lock */ = {
			isa = PBXShellScriptBuildPhase;
			buildActionMask = 2147483647;
			files = (
			);
			inputPaths = (
			);
			name = "[CP] Check Pods Manifest.lock";
			outputPaths = (
			);
			runOnlyForDeploymentPostprocessing = 0;
			shellPath = /bin/sh;
			shellScript = "diff \"${PODS_ROOT}/../Podfile.lock\" \"${PODS_ROOT}/Manifest.lock\" > /dev/null\nif [ $? != 0 ] ; then\n    # print error to STDERR\n    echo \"error: The sandbox is not in sync with the Podfile.lock. Run 'pod install' or update your CocoaPods installation.\" >&2\n    exit 1\nfi\n";
			showEnvVarsInLog = 0;
		};
		AAD1573581A3E6C2C90DF011 /* [CP] Copy Pods Resources */ = {
			isa = PBXShellScriptBuildPhase;
			buildActionMask = 2147483647;
			files = (
			);
			inputPaths = (
			);
			name = "[CP] Copy Pods Resources";
			outputPaths = (
			);
			runOnlyForDeploymentPostprocessing = 0;
			shellPath = /bin/sh;
			shellScript = "\"${SRCROOT}/Pods/Target Support Files/Pods-SwiftySensors macOS/Pods-SwiftySensors macOS-resources.sh\"\n";
			showEnvVarsInLog = 0;
		};
		B07C491EA1007E5EE494377D /* [CP] Copy Pods Resources */ = {
			isa = PBXShellScriptBuildPhase;
			buildActionMask = 2147483647;
			files = (
			);
			inputPaths = (
			);
			name = "[CP] Copy Pods Resources";
			outputPaths = (
			);
			runOnlyForDeploymentPostprocessing = 0;
			shellPath = /bin/sh;
			shellScript = "\"${SRCROOT}/Pods/Target Support Files/Pods-SwiftySensorsExample/Pods-SwiftySensorsExample-resources.sh\"\n";
			showEnvVarsInLog = 0;
		};
		CEF4FE611DAF3D9CC5663B03 /* [CP] Embed Pods Frameworks */ = {
			isa = PBXShellScriptBuildPhase;
			buildActionMask = 2147483647;
			files = (
			);
			inputPaths = (
			);
			name = "[CP] Embed Pods Frameworks";
			outputPaths = (
			);
			runOnlyForDeploymentPostprocessing = 0;
			shellPath = /bin/sh;
			shellScript = "\"${SRCROOT}/Pods/Target Support Files/Pods-SwiftySensorsExample/Pods-SwiftySensorsExample-frameworks.sh\"\n";
			showEnvVarsInLog = 0;
		};
/* End PBXShellScriptBuildPhase section */

/* Begin PBXSourcesBuildPhase section */
		8D4FA7711C9C8693000285BA /* Sources */ = {
			isa = PBXSourcesBuildPhase;
			buildActionMask = 2147483647;
			files = (
				8D4FA77F1C9C87A4000285BA /* SensorManager.swift in Sources */,
				8D22FDE11CA09E2A00B4CC0B /* CyclingSpeedCadenceSerializer.swift in Sources */,
				8D1C70791CA3330400A72487 /* RSSINormalizer.swift in Sources */,
				8D659ADD1C9CA98F00CF3C60 /* DeviceInformationService.swift in Sources */,
				8D659ACA1C9C8B4000CF3C60 /* Characteristic.swift in Sources */,
				8D22FDDB1CA097AE00B4CC0B /* HeartRateService.swift in Sources */,
				8D22FDDF1CA09E1F00B4CC0B /* CyclingSpeedCadenceService.swift in Sources */,
				8D5595141CA0AE1D00F8BD72 /* CoreBluetooth.swift in Sources */,
				8D4FA77E1C9C87A2000285BA /* Sensor.swift in Sources */,
				8D22FDD91CA07F2600B4CC0B /* CyclingPowerSerializer.swift in Sources */,
				8D22FDE31CA0A31B00B4CC0B /* CyclingSerializer.swift in Sources */,
				8D1C70771CA332FD00A72487 /* Operators.swift in Sources */,
				8D22FDDD1CA0987C00B4CC0B /* HeartRateSerializer.swift in Sources */,
				8D659A711C9C890300CF3C60 /* CyclingPowerService.swift in Sources */,
				8D659ACB1C9C8B4000CF3C60 /* Service.swift in Sources */,
			);
			runOnlyForDeploymentPostprocessing = 0;
		};
		8D659AB21C9C8B2300CF3C60 /* Sources */ = {
			isa = PBXSourcesBuildPhase;
			buildActionMask = 2147483647;
			files = (
				8D659ADA1C9C9AB900CF3C60 /* SensorDetailsViewController.swift in Sources */,
				8D659ABB1C9C8B2300CF3C60 /* SensorListViewController.swift in Sources */,
				8D659AB91C9C8B2300CF3C60 /* AppDelegate.swift in Sources */,
				8D95ED0D1E5B65AE00A91EBC /* ServiceDetailsViewController.swift in Sources */,
				8D95ED0F1E5B6AA400A91EBC /* CharacteristicViewController.swift in Sources */,
			);
			runOnlyForDeploymentPostprocessing = 0;
		};
		8D8140131CA59927001D75B3 /* Sources */ = {
			isa = PBXSourcesBuildPhase;
			buildActionMask = 2147483647;
			files = (
				8D8140201CA5994F001D75B3 /* Operators.swift in Sources */,
				8D81402F1CA5995A001D75B3 /* HeartRateService.swift in Sources */,
				8D8140241CA5994F001D75B3 /* Sensor.swift in Sources */,
				8D8140221CA5994F001D75B3 /* CoreBluetooth.swift in Sources */,
				8D8140291CA59955001D75B3 /* CyclingSpeedCadenceSerializer.swift in Sources */,
				8D8140211CA5994F001D75B3 /* RSSINormalizer.swift in Sources */,
				8D8140231CA5994F001D75B3 /* SensorManager.swift in Sources */,
				8D81402C1CA5995A001D75B3 /* CyclingPowerService.swift in Sources */,
				8D81402D1CA5995A001D75B3 /* CyclingSpeedCadenceService.swift in Sources */,
				8D8140281CA59955001D75B3 /* CyclingPowerSerializer.swift in Sources */,
				8D81402E1CA5995A001D75B3 /* DeviceInformationService.swift in Sources */,
				8D81402A1CA59955001D75B3 /* HeartRateSerializer.swift in Sources */,
				8D8140271CA59955001D75B3 /* CyclingSerializer.swift in Sources */,
				8D8140261CA5994F001D75B3 /* Characteristic.swift in Sources */,
				8D8140251CA5994F001D75B3 /* Service.swift in Sources */,
			);
			runOnlyForDeploymentPostprocessing = 0;
		};
/* End PBXSourcesBuildPhase section */

/* Begin PBXTargetDependency section */
		8D659AD51C9C8DAE00CF3C60 /* PBXTargetDependency */ = {
			isa = PBXTargetDependency;
			target = 8D4FA7751C9C8693000285BA /* SwiftySensors iOS */;
			targetProxy = 8D659AD41C9C8DAE00CF3C60 /* PBXContainerItemProxy */;
		};
/* End PBXTargetDependency section */

/* Begin PBXVariantGroup section */
		8D659ABC1C9C8B2300CF3C60 /* Main.storyboard */ = {
			isa = PBXVariantGroup;
			children = (
				8D659ABD1C9C8B2300CF3C60 /* Base */,
			);
			name = Main.storyboard;
			sourceTree = "<group>";
		};
		8D659AC11C9C8B2300CF3C60 /* LaunchScreen.storyboard */ = {
			isa = PBXVariantGroup;
			children = (
				8D659AC21C9C8B2300CF3C60 /* Base */,
			);
			name = LaunchScreen.storyboard;
			sourceTree = "<group>";
		};
/* End PBXVariantGroup section */

/* Begin XCBuildConfiguration section */
		8D4FA7621C9C8594000285BA /* Debug */ = {
			isa = XCBuildConfiguration;
			buildSettings = {
				ALWAYS_SEARCH_USER_PATHS = NO;
				CLANG_CXX_LANGUAGE_STANDARD = "gnu++0x";
				CLANG_CXX_LIBRARY = "libc++";
				CLANG_ENABLE_MODULES = YES;
				CLANG_ENABLE_OBJC_ARC = YES;
				CLANG_WARN_BOOL_CONVERSION = YES;
				CLANG_WARN_CONSTANT_CONVERSION = YES;
				CLANG_WARN_DIRECT_OBJC_ISA_USAGE = YES_ERROR;
				CLANG_WARN_EMPTY_BODY = YES;
				CLANG_WARN_ENUM_CONVERSION = YES;
				CLANG_WARN_INFINITE_RECURSION = YES;
				CLANG_WARN_INT_CONVERSION = YES;
				CLANG_WARN_OBJC_ROOT_CLASS = YES_ERROR;
				CLANG_WARN_SUSPICIOUS_MOVE = YES;
				CLANG_WARN_UNREACHABLE_CODE = YES;
				CLANG_WARN__DUPLICATE_METHOD_MATCH = YES;
				"CODE_SIGN_IDENTITY[sdk=iphoneos*]" = "iPhone Developer";
				COPY_PHASE_STRIP = NO;
				DEBUG_INFORMATION_FORMAT = dwarf;
				ENABLE_STRICT_OBJC_MSGSEND = YES;
				ENABLE_TESTABILITY = YES;
				GCC_C_LANGUAGE_STANDARD = gnu99;
				GCC_DYNAMIC_NO_PIC = NO;
				GCC_NO_COMMON_BLOCKS = YES;
				GCC_OPTIMIZATION_LEVEL = 0;
				GCC_PREPROCESSOR_DEFINITIONS = (
					"DEBUG=1",
					"$(inherited)",
				);
				GCC_WARN_64_TO_32_BIT_CONVERSION = YES;
				GCC_WARN_ABOUT_RETURN_TYPE = YES_ERROR;
				GCC_WARN_UNDECLARED_SELECTOR = YES;
				GCC_WARN_UNINITIALIZED_AUTOS = YES_AGGRESSIVE;
				GCC_WARN_UNUSED_FUNCTION = YES;
				GCC_WARN_UNUSED_VARIABLE = YES;
				IPHONEOS_DEPLOYMENT_TARGET = 8.4;
				MACOSX_DEPLOYMENT_TARGET = 10.11;
				MTL_ENABLE_DEBUG_INFO = YES;
				ONLY_ACTIVE_ARCH = YES;
				SDKROOT = iphoneos;
				SWIFT_OPTIMIZATION_LEVEL = "-Onone";
			};
			name = Debug;
		};
		8D4FA7631C9C8594000285BA /* Release */ = {
			isa = XCBuildConfiguration;
			buildSettings = {
				ALWAYS_SEARCH_USER_PATHS = NO;
				CLANG_CXX_LANGUAGE_STANDARD = "gnu++0x";
				CLANG_CXX_LIBRARY = "libc++";
				CLANG_ENABLE_MODULES = YES;
				CLANG_ENABLE_OBJC_ARC = YES;
				CLANG_WARN_BOOL_CONVERSION = YES;
				CLANG_WARN_CONSTANT_CONVERSION = YES;
				CLANG_WARN_DIRECT_OBJC_ISA_USAGE = YES_ERROR;
				CLANG_WARN_EMPTY_BODY = YES;
				CLANG_WARN_ENUM_CONVERSION = YES;
				CLANG_WARN_INFINITE_RECURSION = YES;
				CLANG_WARN_INT_CONVERSION = YES;
				CLANG_WARN_OBJC_ROOT_CLASS = YES_ERROR;
				CLANG_WARN_SUSPICIOUS_MOVE = YES;
				CLANG_WARN_UNREACHABLE_CODE = YES;
				CLANG_WARN__DUPLICATE_METHOD_MATCH = YES;
				"CODE_SIGN_IDENTITY[sdk=iphoneos*]" = "iPhone Developer";
				COPY_PHASE_STRIP = NO;
				DEBUG_INFORMATION_FORMAT = "dwarf-with-dsym";
				ENABLE_NS_ASSERTIONS = NO;
				ENABLE_STRICT_OBJC_MSGSEND = YES;
				GCC_C_LANGUAGE_STANDARD = gnu99;
				GCC_NO_COMMON_BLOCKS = YES;
				GCC_WARN_64_TO_32_BIT_CONVERSION = YES;
				GCC_WARN_ABOUT_RETURN_TYPE = YES_ERROR;
				GCC_WARN_UNDECLARED_SELECTOR = YES;
				GCC_WARN_UNINITIALIZED_AUTOS = YES_AGGRESSIVE;
				GCC_WARN_UNUSED_FUNCTION = YES;
				GCC_WARN_UNUSED_VARIABLE = YES;
				IPHONEOS_DEPLOYMENT_TARGET = 8.4;
				MACOSX_DEPLOYMENT_TARGET = 10.11;
				MTL_ENABLE_DEBUG_INFO = NO;
				SDKROOT = iphoneos;
				SWIFT_OPTIMIZATION_LEVEL = "-Owholemodule";
				VALIDATE_PRODUCT = YES;
			};
			name = Release;
		};
		8D4FA77C1C9C8693000285BA /* Debug */ = {
			isa = XCBuildConfiguration;
			baseConfigurationReference = AE7CD880E8101430CD349D95 /* Pods-SwiftySensors iOS.debug.xcconfig */;
			buildSettings = {
				ALWAYS_EMBED_SWIFT_STANDARD_LIBRARIES = YES;
				CODE_SIGN_IDENTITY = "iPhone Developer";
				"CODE_SIGN_IDENTITY[sdk=iphoneos*]" = "";
				CURRENT_PROJECT_VERSION = 1;
				DEFINES_MODULE = YES;
				DYLIB_COMPATIBILITY_VERSION = 1;
				DYLIB_CURRENT_VERSION = 1;
				DYLIB_INSTALL_NAME_BASE = "@rpath";
				INFOPLIST_FILE = "$(SRCROOT)/Source/Info.plist";
				INSTALL_PATH = "$(LOCAL_LIBRARY_DIR)/Frameworks";
				LD_RUNPATH_SEARCH_PATHS = "$(inherited) @executable_path/Frameworks @loader_path/Frameworks";
				PRODUCT_BUNDLE_IDENTIFIER = com.kinetic.SwiftySensors;
				PRODUCT_NAME = SwiftySensors;
				SKIP_INSTALL = YES;
				SWIFT_VERSION = 3.0;
				TARGETED_DEVICE_FAMILY = "1,2";
				VERSIONING_SYSTEM = "apple-generic";
				VERSION_INFO_PREFIX = "";
			};
			name = Debug;
		};
		8D4FA77D1C9C8693000285BA /* Release */ = {
			isa = XCBuildConfiguration;
			baseConfigurationReference = 1A2D44AE2FB4B3D9723A50E4 /* Pods-SwiftySensors iOS.release.xcconfig */;
			buildSettings = {
				ALWAYS_EMBED_SWIFT_STANDARD_LIBRARIES = YES;
				CODE_SIGN_IDENTITY = "iPhone Developer";
				"CODE_SIGN_IDENTITY[sdk=iphoneos*]" = "";
				CURRENT_PROJECT_VERSION = 1;
				DEFINES_MODULE = YES;
				DYLIB_COMPATIBILITY_VERSION = 1;
				DYLIB_CURRENT_VERSION = 1;
				DYLIB_INSTALL_NAME_BASE = "@rpath";
				INFOPLIST_FILE = "$(SRCROOT)/Source/Info.plist";
				INSTALL_PATH = "$(LOCAL_LIBRARY_DIR)/Frameworks";
				LD_RUNPATH_SEARCH_PATHS = "$(inherited) @executable_path/Frameworks @loader_path/Frameworks";
				PRODUCT_BUNDLE_IDENTIFIER = com.kinetic.SwiftySensors;
				PRODUCT_NAME = SwiftySensors;
				SKIP_INSTALL = YES;
				SWIFT_VERSION = 3.0;
				TARGETED_DEVICE_FAMILY = "1,2";
				VERSIONING_SYSTEM = "apple-generic";
				VERSION_INFO_PREFIX = "";
			};
			name = Release;
		};
		8D659AC61C9C8B2300CF3C60 /* Debug */ = {
			isa = XCBuildConfiguration;
			baseConfigurationReference = 8E0CA8DA1F947A76F0DD92B2 /* Pods-SwiftySensorsExample.debug.xcconfig */;
			buildSettings = {
				ASSETCATALOG_COMPILER_APPICON_NAME = AppIcon;
				CODE_SIGN_IDENTITY = "iPhone Developer";
				"CODE_SIGN_IDENTITY[sdk=iphoneos*]" = "iPhone Developer";
				DEVELOPMENT_TEAM = "";
				INFOPLIST_FILE = SwiftySensorsExample/Info.plist;
				IPHONEOS_DEPLOYMENT_TARGET = 9.2;
				LD_RUNPATH_SEARCH_PATHS = "$(inherited) @executable_path/Frameworks";
				PRODUCT_BUNDLE_IDENTIFIER = com.kinetic.SwiftySensorsExample;
				PRODUCT_NAME = "$(TARGET_NAME)";
				PROVISIONING_PROFILE = "";
				SWIFT_VERSION = 3.0;
			};
			name = Debug;
		};
		8D659AC71C9C8B2300CF3C60 /* Release */ = {
			isa = XCBuildConfiguration;
			baseConfigurationReference = A93CE12FCA0CC539B7762144 /* Pods-SwiftySensorsExample.release.xcconfig */;
			buildSettings = {
				ASSETCATALOG_COMPILER_APPICON_NAME = AppIcon;
				CODE_SIGN_IDENTITY = "iPhone Developer";
				"CODE_SIGN_IDENTITY[sdk=iphoneos*]" = "iPhone Developer";
				DEVELOPMENT_TEAM = "";
				INFOPLIST_FILE = SwiftySensorsExample/Info.plist;
				IPHONEOS_DEPLOYMENT_TARGET = 9.2;
				LD_RUNPATH_SEARCH_PATHS = "$(inherited) @executable_path/Frameworks";
				PRODUCT_BUNDLE_IDENTIFIER = com.kinetic.SwiftySensorsExample;
				PRODUCT_NAME = "$(TARGET_NAME)";
				PROVISIONING_PROFILE = "";
				SWIFT_VERSION = 3.0;
			};
			name = Release;
		};
		8D81401E1CA59927001D75B3 /* Debug */ = {
			isa = XCBuildConfiguration;
			baseConfigurationReference = 729A82EB561939033B80C0E0 /* Pods-SwiftySensors macOS.debug.xcconfig */;
			buildSettings = {
				CODE_SIGN_IDENTITY = "Mac Developer";
				COMBINE_HIDPI_IMAGES = YES;
				DEFINES_MODULE = YES;
				DEVELOPMENT_TEAM = "";
				DYLIB_COMPATIBILITY_VERSION = 1;
				DYLIB_CURRENT_VERSION = 1;
				DYLIB_INSTALL_NAME_BASE = "@rpath";
				FRAMEWORK_VERSION = A;
				INFOPLIST_FILE = "$(SRCROOT)/Source/Info.plist";
				INSTALL_PATH = "$(LOCAL_LIBRARY_DIR)/Frameworks";
				LD_RUNPATH_SEARCH_PATHS = "$(inherited) @executable_path/../Frameworks @loader_path/Frameworks";
				MACOSX_DEPLOYMENT_TARGET = 10.10;
				PRODUCT_BUNDLE_IDENTIFIER = com.kinetic.SwiftySensors;
				PRODUCT_NAME = SwiftySensors;
				SDKROOT = macosx;
				SKIP_INSTALL = YES;
				SWIFT_VERSION = 3.0;
			};
			name = Debug;
		};
		8D81401F1CA59927001D75B3 /* Release */ = {
			isa = XCBuildConfiguration;
			baseConfigurationReference = DEF7262D4AB6CD5A91D9E64E /* Pods-SwiftySensors macOS.release.xcconfig */;
			buildSettings = {
				CODE_SIGN_IDENTITY = "Mac Developer";
				COMBINE_HIDPI_IMAGES = YES;
				DEFINES_MODULE = YES;
				DEVELOPMENT_TEAM = "";
				DYLIB_COMPATIBILITY_VERSION = 1;
				DYLIB_CURRENT_VERSION = 1;
				DYLIB_INSTALL_NAME_BASE = "@rpath";
				FRAMEWORK_VERSION = A;
				INFOPLIST_FILE = "$(SRCROOT)/Source/Info.plist";
				INSTALL_PATH = "$(LOCAL_LIBRARY_DIR)/Frameworks";
				LD_RUNPATH_SEARCH_PATHS = "$(inherited) @executable_path/../Frameworks @loader_path/Frameworks";
				MACOSX_DEPLOYMENT_TARGET = 10.10;
				PRODUCT_BUNDLE_IDENTIFIER = com.kinetic.SwiftySensors;
				PRODUCT_NAME = SwiftySensors;
				SDKROOT = macosx;
				SKIP_INSTALL = YES;
				SWIFT_VERSION = 3.0;
			};
			name = Release;
		};
/* End XCBuildConfiguration section */

/* Begin XCConfigurationList section */
		8D4FA74D1C9C8594000285BA /* Build configuration list for PBXProject "SwiftySensors" */ = {
			isa = XCConfigurationList;
			buildConfigurations = (
				8D4FA7621C9C8594000285BA /* Debug */,
				8D4FA7631C9C8594000285BA /* Release */,
			);
			defaultConfigurationIsVisible = 0;
			defaultConfigurationName = Release;
		};
		8D4FA77B1C9C8693000285BA /* Build configuration list for PBXNativeTarget "SwiftySensors iOS" */ = {
			isa = XCConfigurationList;
			buildConfigurations = (
				8D4FA77C1C9C8693000285BA /* Debug */,
				8D4FA77D1C9C8693000285BA /* Release */,
			);
			defaultConfigurationIsVisible = 0;
			defaultConfigurationName = Release;
		};
		8D659AC51C9C8B2300CF3C60 /* Build configuration list for PBXNativeTarget "SwiftySensorsExample" */ = {
			isa = XCConfigurationList;
			buildConfigurations = (
				8D659AC61C9C8B2300CF3C60 /* Debug */,
				8D659AC71C9C8B2300CF3C60 /* Release */,
			);
			defaultConfigurationIsVisible = 0;
			defaultConfigurationName = Release;
		};
		8D81401D1CA59927001D75B3 /* Build configuration list for PBXNativeTarget "SwiftySensors macOS" */ = {
			isa = XCConfigurationList;
			buildConfigurations = (
				8D81401E1CA59927001D75B3 /* Debug */,
				8D81401F1CA59927001D75B3 /* Release */,
			);
			defaultConfigurationIsVisible = 0;
			defaultConfigurationName = Release;
		};
/* End XCConfigurationList section */
	};
	rootObject = 8D4FA74A1C9C8594000285BA /* Project object */;
}
