// !$*UTF8*$!
{
	archiveVersion = 1;
	classes = {
	};
	objectVersion = 46;
	objects = {

/* Begin PBXBuildFile section */
		8D0B37891FE18EA20073A7F7 /* DeviceInformationService.swift in Sources */ = {isa = PBXBuildFile; fileRef = 8D278AC71E5D27FA0099085A /* DeviceInformationService.swift */; };
		8D0B378A1FE18EA20073A7F7 /* Characteristic.swift in Sources */ = {isa = PBXBuildFile; fileRef = 8D278AC01E5D27FA0099085A /* Characteristic.swift */; };
		8D0B378B1FE18EA20073A7F7 /* FitnessMachineSerializer.swift in Sources */ = {isa = PBXBuildFile; fileRef = 8D6EC2F51F1409D3006FE4A0 /* FitnessMachineSerializer.swift */; };
		8D0B378C1FE18EA20073A7F7 /* Service.swift in Sources */ = {isa = PBXBuildFile; fileRef = 8D278ACE1E5D27FA0099085A /* Service.swift */; };
		8D0B378D1FE18EA20073A7F7 /* Sensor.swift in Sources */ = {isa = PBXBuildFile; fileRef = 8D278ACC1E5D27FA0099085A /* Sensor.swift */; };
		8D0B378E1FE18EA20073A7F7 /* HeartRateSerializer.swift in Sources */ = {isa = PBXBuildFile; fileRef = 8D278AC81E5D27FA0099085A /* HeartRateSerializer.swift */; };
		8D0B378F1FE18EA20073A7F7 /* CyclingSpeedCadenceService.swift in Sources */ = {isa = PBXBuildFile; fileRef = 8D278AC61E5D27FA0099085A /* CyclingSpeedCadenceService.swift */; };
		8D0B37901FE18EA20073A7F7 /* HeartRateService.swift in Sources */ = {isa = PBXBuildFile; fileRef = 8D278AC91E5D27FA0099085A /* HeartRateService.swift */; };
		8D0B37911FE18EA20073A7F7 /* CoreBluetooth.swift in Sources */ = {isa = PBXBuildFile; fileRef = 8D278AC11E5D27FA0099085A /* CoreBluetooth.swift */; };
		8D0B37921FE18EA20073A7F7 /* FitnessMachineService.swift in Sources */ = {isa = PBXBuildFile; fileRef = 8D7843161F0FDB920047C7F1 /* FitnessMachineService.swift */; };
		8D0B37931FE18EA20073A7F7 /* Operators.swift in Sources */ = {isa = PBXBuildFile; fileRef = 8D278ACA1E5D27FA0099085A /* Operators.swift */; };
		8D0B37941FE18EA20073A7F7 /* RSSINormalizer.swift in Sources */ = {isa = PBXBuildFile; fileRef = 8D278ACB1E5D27FA0099085A /* RSSINormalizer.swift */; };
		8D0B37951FE18EA20073A7F7 /* SensorManager.swift in Sources */ = {isa = PBXBuildFile; fileRef = 8D278ACD1E5D27FA0099085A /* SensorManager.swift */; };
		8D0B37961FE18EA20073A7F7 /* CyclingPowerSerializer.swift in Sources */ = {isa = PBXBuildFile; fileRef = 8D278AC21E5D27FA0099085A /* CyclingPowerSerializer.swift */; };
		8D0B37971FE18EA20073A7F7 /* CyclingSerializer.swift in Sources */ = {isa = PBXBuildFile; fileRef = 8D278AC41E5D27FA0099085A /* CyclingSerializer.swift */; };
		8D0B37981FE18EA20073A7F7 /* CyclingPowerService.swift in Sources */ = {isa = PBXBuildFile; fileRef = 8D278AC31E5D27FA0099085A /* CyclingPowerService.swift */; };
		8D0B37991FE18EA20073A7F7 /* CyclingSpeedCadenceSerializer.swift in Sources */ = {isa = PBXBuildFile; fileRef = 8D278AC51E5D27FA0099085A /* CyclingSpeedCadenceSerializer.swift */; };
		8D278ACF1E5D27FA0099085A /* Characteristic.swift in Sources */ = {isa = PBXBuildFile; fileRef = 8D278AC01E5D27FA0099085A /* Characteristic.swift */; };
		8D278AD01E5D27FA0099085A /* Characteristic.swift in Sources */ = {isa = PBXBuildFile; fileRef = 8D278AC01E5D27FA0099085A /* Characteristic.swift */; };
		8D278AD11E5D27FA0099085A /* CoreBluetooth.swift in Sources */ = {isa = PBXBuildFile; fileRef = 8D278AC11E5D27FA0099085A /* CoreBluetooth.swift */; };
		8D278AD21E5D27FA0099085A /* CoreBluetooth.swift in Sources */ = {isa = PBXBuildFile; fileRef = 8D278AC11E5D27FA0099085A /* CoreBluetooth.swift */; };
		8D278AD31E5D27FA0099085A /* CyclingPowerSerializer.swift in Sources */ = {isa = PBXBuildFile; fileRef = 8D278AC21E5D27FA0099085A /* CyclingPowerSerializer.swift */; };
		8D278AD41E5D27FA0099085A /* CyclingPowerSerializer.swift in Sources */ = {isa = PBXBuildFile; fileRef = 8D278AC21E5D27FA0099085A /* CyclingPowerSerializer.swift */; };
		8D278AD51E5D27FA0099085A /* CyclingPowerService.swift in Sources */ = {isa = PBXBuildFile; fileRef = 8D278AC31E5D27FA0099085A /* CyclingPowerService.swift */; };
		8D278AD61E5D27FA0099085A /* CyclingPowerService.swift in Sources */ = {isa = PBXBuildFile; fileRef = 8D278AC31E5D27FA0099085A /* CyclingPowerService.swift */; };
		8D278AD71E5D27FA0099085A /* CyclingSerializer.swift in Sources */ = {isa = PBXBuildFile; fileRef = 8D278AC41E5D27FA0099085A /* CyclingSerializer.swift */; };
		8D278AD81E5D27FA0099085A /* CyclingSerializer.swift in Sources */ = {isa = PBXBuildFile; fileRef = 8D278AC41E5D27FA0099085A /* CyclingSerializer.swift */; };
		8D278AD91E5D27FA0099085A /* CyclingSpeedCadenceSerializer.swift in Sources */ = {isa = PBXBuildFile; fileRef = 8D278AC51E5D27FA0099085A /* CyclingSpeedCadenceSerializer.swift */; };
		8D278ADA1E5D27FA0099085A /* CyclingSpeedCadenceSerializer.swift in Sources */ = {isa = PBXBuildFile; fileRef = 8D278AC51E5D27FA0099085A /* CyclingSpeedCadenceSerializer.swift */; };
		8D278ADB1E5D27FA0099085A /* CyclingSpeedCadenceService.swift in Sources */ = {isa = PBXBuildFile; fileRef = 8D278AC61E5D27FA0099085A /* CyclingSpeedCadenceService.swift */; };
		8D278ADC1E5D27FA0099085A /* CyclingSpeedCadenceService.swift in Sources */ = {isa = PBXBuildFile; fileRef = 8D278AC61E5D27FA0099085A /* CyclingSpeedCadenceService.swift */; };
		8D278ADD1E5D27FA0099085A /* DeviceInformationService.swift in Sources */ = {isa = PBXBuildFile; fileRef = 8D278AC71E5D27FA0099085A /* DeviceInformationService.swift */; };
		8D278ADE1E5D27FA0099085A /* DeviceInformationService.swift in Sources */ = {isa = PBXBuildFile; fileRef = 8D278AC71E5D27FA0099085A /* DeviceInformationService.swift */; };
		8D278ADF1E5D27FA0099085A /* HeartRateSerializer.swift in Sources */ = {isa = PBXBuildFile; fileRef = 8D278AC81E5D27FA0099085A /* HeartRateSerializer.swift */; };
		8D278AE01E5D27FA0099085A /* HeartRateSerializer.swift in Sources */ = {isa = PBXBuildFile; fileRef = 8D278AC81E5D27FA0099085A /* HeartRateSerializer.swift */; };
		8D278AE11E5D27FA0099085A /* HeartRateService.swift in Sources */ = {isa = PBXBuildFile; fileRef = 8D278AC91E5D27FA0099085A /* HeartRateService.swift */; };
		8D278AE21E5D27FA0099085A /* HeartRateService.swift in Sources */ = {isa = PBXBuildFile; fileRef = 8D278AC91E5D27FA0099085A /* HeartRateService.swift */; };
		8D278AE31E5D27FA0099085A /* Operators.swift in Sources */ = {isa = PBXBuildFile; fileRef = 8D278ACA1E5D27FA0099085A /* Operators.swift */; };
		8D278AE41E5D27FA0099085A /* Operators.swift in Sources */ = {isa = PBXBuildFile; fileRef = 8D278ACA1E5D27FA0099085A /* Operators.swift */; };
		8D278AE51E5D27FA0099085A /* RSSINormalizer.swift in Sources */ = {isa = PBXBuildFile; fileRef = 8D278ACB1E5D27FA0099085A /* RSSINormalizer.swift */; };
		8D278AE61E5D27FA0099085A /* RSSINormalizer.swift in Sources */ = {isa = PBXBuildFile; fileRef = 8D278ACB1E5D27FA0099085A /* RSSINormalizer.swift */; };
		8D278AE71E5D27FA0099085A /* Sensor.swift in Sources */ = {isa = PBXBuildFile; fileRef = 8D278ACC1E5D27FA0099085A /* Sensor.swift */; };
		8D278AE81E5D27FA0099085A /* Sensor.swift in Sources */ = {isa = PBXBuildFile; fileRef = 8D278ACC1E5D27FA0099085A /* Sensor.swift */; };
		8D278AE91E5D27FA0099085A /* SensorManager.swift in Sources */ = {isa = PBXBuildFile; fileRef = 8D278ACD1E5D27FA0099085A /* SensorManager.swift */; };
		8D278AEA1E5D27FA0099085A /* SensorManager.swift in Sources */ = {isa = PBXBuildFile; fileRef = 8D278ACD1E5D27FA0099085A /* SensorManager.swift */; };
		8D278AEB1E5D27FA0099085A /* Service.swift in Sources */ = {isa = PBXBuildFile; fileRef = 8D278ACE1E5D27FA0099085A /* Service.swift */; };
		8D278AEC1E5D27FA0099085A /* Service.swift in Sources */ = {isa = PBXBuildFile; fileRef = 8D278ACE1E5D27FA0099085A /* Service.swift */; };
		8D659AB91C9C8B2300CF3C60 /* AppDelegate.swift in Sources */ = {isa = PBXBuildFile; fileRef = 8D659AB81C9C8B2300CF3C60 /* AppDelegate.swift */; };
		8D659ABB1C9C8B2300CF3C60 /* SensorListViewController.swift in Sources */ = {isa = PBXBuildFile; fileRef = 8D659ABA1C9C8B2300CF3C60 /* SensorListViewController.swift */; };
		8D659ABE1C9C8B2300CF3C60 /* Main.storyboard in Resources */ = {isa = PBXBuildFile; fileRef = 8D659ABC1C9C8B2300CF3C60 /* Main.storyboard */; };
		8D659AC01C9C8B2300CF3C60 /* Assets.xcassets in Resources */ = {isa = PBXBuildFile; fileRef = 8D659ABF1C9C8B2300CF3C60 /* Assets.xcassets */; };
		8D659AC31C9C8B2300CF3C60 /* LaunchScreen.storyboard in Resources */ = {isa = PBXBuildFile; fileRef = 8D659AC11C9C8B2300CF3C60 /* LaunchScreen.storyboard */; };
		8D659AD11C9C8D8700CF3C60 /* SwiftySensors.framework in Frameworks */ = {isa = PBXBuildFile; fileRef = 8D4FA7761C9C8693000285BA /* SwiftySensors.framework */; };
		8D659AD31C9C8D8E00CF3C60 /* CoreBluetooth.framework in Frameworks */ = {isa = PBXBuildFile; fileRef = 8D659AD21C9C8D8E00CF3C60 /* CoreBluetooth.framework */; };
		8D659AD71C9C8DC800CF3C60 /* SwiftySensors.framework in Embed Frameworks */ = {isa = PBXBuildFile; fileRef = 8D4FA7761C9C8693000285BA /* SwiftySensors.framework */; settings = {ATTRIBUTES = (CodeSignOnCopy, RemoveHeadersOnCopy, ); }; };
		8D659ADA1C9C9AB900CF3C60 /* SensorDetailsViewController.swift in Sources */ = {isa = PBXBuildFile; fileRef = 8D659AD91C9C9AB900CF3C60 /* SensorDetailsViewController.swift */; };
		8D6EC2F61F1409D3006FE4A0 /* FitnessMachineSerializer.swift in Sources */ = {isa = PBXBuildFile; fileRef = 8D6EC2F51F1409D3006FE4A0 /* FitnessMachineSerializer.swift */; };
		8D6EC2F71F1409D3006FE4A0 /* FitnessMachineSerializer.swift in Sources */ = {isa = PBXBuildFile; fileRef = 8D6EC2F51F1409D3006FE4A0 /* FitnessMachineSerializer.swift */; };
		8D7843171F0FDB920047C7F1 /* FitnessMachineService.swift in Sources */ = {isa = PBXBuildFile; fileRef = 8D7843161F0FDB920047C7F1 /* FitnessMachineService.swift */; };
		8D7843181F0FDB920047C7F1 /* FitnessMachineService.swift in Sources */ = {isa = PBXBuildFile; fileRef = 8D7843161F0FDB920047C7F1 /* FitnessMachineService.swift */; };
		8D95ED0D1E5B65AE00A91EBC /* ServiceDetailsViewController.swift in Sources */ = {isa = PBXBuildFile; fileRef = 8D95ED0C1E5B65AE00A91EBC /* ServiceDetailsViewController.swift */; };
		8D95ED0F1E5B6AA400A91EBC /* CharacteristicViewController.swift in Sources */ = {isa = PBXBuildFile; fileRef = 8D95ED0E1E5B6AA400A91EBC /* CharacteristicViewController.swift */; };
		A1FFF6E14A878EF5DA74627C /* Pods_SwiftySensors_tvOS.framework in Frameworks */ = {isa = PBXBuildFile; fileRef = 65316ED9EEE7FADC9F2AD916 /* Pods_SwiftySensors_tvOS.framework */; };
		B00F9103DBD2EDA4A665C61C /* Pods_SwiftySensors_iOS.framework in Frameworks */ = {isa = PBXBuildFile; fileRef = 8BD1EBB555D9D82983EA461E /* Pods_SwiftySensors_iOS.framework */; };
		E1D43C3CC22C92C768333FF6 /* Pods_SwiftySensors_macOS.framework in Frameworks */ = {isa = PBXBuildFile; fileRef = 3BFEC22A5C90E7F6BE33DBF1 /* Pods_SwiftySensors_macOS.framework */; };
		FD57673FAB71D91BDC023BF2 /* Pods_SwiftySensorsExample.framework in Frameworks */ = {isa = PBXBuildFile; fileRef = 26891D16EDF06F763956E66A /* Pods_SwiftySensorsExample.framework */; };
/* End PBXBuildFile section */

/* Begin PBXContainerItemProxy section */
		8D659AD41C9C8DAE00CF3C60 /* PBXContainerItemProxy */ = {
			isa = PBXContainerItemProxy;
			containerPortal = 8D4FA74A1C9C8594000285BA /* Project object */;
			proxyType = 1;
			remoteGlobalIDString = 8D4FA7751C9C8693000285BA;
			remoteInfo = "SwiftySensors iOS";
		};
/* End PBXContainerItemProxy section */

/* Begin PBXCopyFilesBuildPhase section */
		8D659AD81C9C8DC800CF3C60 /* Embed Frameworks */ = {
			isa = PBXCopyFilesBuildPhase;
			buildActionMask = 2147483647;
			dstPath = "";
			dstSubfolderSpec = 10;
			files = (
				8D659AD71C9C8DC800CF3C60 /* SwiftySensors.framework in Embed Frameworks */,
			);
			name = "Embed Frameworks";
			runOnlyForDeploymentPostprocessing = 0;
		};
/* End PBXCopyFilesBuildPhase section */

/* Begin PBXFileReference section */
		26891D16EDF06F763956E66A /* Pods_SwiftySensorsExample.framework */ = {isa = PBXFileReference; explicitFileType = wrapper.framework; includeInIndex = 0; path = Pods_SwiftySensorsExample.framework; sourceTree = BUILT_PRODUCTS_DIR; };
		3BFEC22A5C90E7F6BE33DBF1 /* Pods_SwiftySensors_macOS.framework */ = {isa = PBXFileReference; explicitFileType = wrapper.framework; includeInIndex = 0; path = Pods_SwiftySensors_macOS.framework; sourceTree = BUILT_PRODUCTS_DIR; };
		65316ED9EEE7FADC9F2AD916 /* Pods_SwiftySensors_tvOS.framework */ = {isa = PBXFileReference; explicitFileType = wrapper.framework; includeInIndex = 0; path = Pods_SwiftySensors_tvOS.framework; sourceTree = BUILT_PRODUCTS_DIR; };
		7D616CD15F403945FCE530FF /* Pods-SwiftySensors iOS.release.xcconfig */ = {isa = PBXFileReference; includeInIndex = 1; lastKnownFileType = text.xcconfig; name = "Pods-SwiftySensors iOS.release.xcconfig"; path = "Pods/Target Support Files/Pods-SwiftySensors iOS/Pods-SwiftySensors iOS.release.xcconfig"; sourceTree = "<group>"; };
		8BD1EBB555D9D82983EA461E /* Pods_SwiftySensors_iOS.framework */ = {isa = PBXFileReference; explicitFileType = wrapper.framework; includeInIndex = 0; path = Pods_SwiftySensors_iOS.framework; sourceTree = BUILT_PRODUCTS_DIR; };
		8D0B37A21FE18EA20073A7F7 /* SwiftySensors.framework */ = {isa = PBXFileReference; explicitFileType = wrapper.framework; includeInIndex = 0; path = SwiftySensors.framework; sourceTree = BUILT_PRODUCTS_DIR; };
		8D278AC01E5D27FA0099085A /* Characteristic.swift */ = {isa = PBXFileReference; fileEncoding = 4; lastKnownFileType = sourcecode.swift; name = Characteristic.swift; path = Sources/Characteristic.swift; sourceTree = "<group>"; };
		8D278AC11E5D27FA0099085A /* CoreBluetooth.swift */ = {isa = PBXFileReference; fileEncoding = 4; lastKnownFileType = sourcecode.swift; name = CoreBluetooth.swift; path = Sources/CoreBluetooth.swift; sourceTree = "<group>"; };
		8D278AC21E5D27FA0099085A /* CyclingPowerSerializer.swift */ = {isa = PBXFileReference; fileEncoding = 4; lastKnownFileType = sourcecode.swift; name = CyclingPowerSerializer.swift; path = Sources/CyclingPowerSerializer.swift; sourceTree = "<group>"; };
		8D278AC31E5D27FA0099085A /* CyclingPowerService.swift */ = {isa = PBXFileReference; fileEncoding = 4; lastKnownFileType = sourcecode.swift; name = CyclingPowerService.swift; path = Sources/CyclingPowerService.swift; sourceTree = "<group>"; };
		8D278AC41E5D27FA0099085A /* CyclingSerializer.swift */ = {isa = PBXFileReference; fileEncoding = 4; lastKnownFileType = sourcecode.swift; name = CyclingSerializer.swift; path = Sources/CyclingSerializer.swift; sourceTree = "<group>"; };
		8D278AC51E5D27FA0099085A /* CyclingSpeedCadenceSerializer.swift */ = {isa = PBXFileReference; fileEncoding = 4; lastKnownFileType = sourcecode.swift; name = CyclingSpeedCadenceSerializer.swift; path = Sources/CyclingSpeedCadenceSerializer.swift; sourceTree = "<group>"; };
		8D278AC61E5D27FA0099085A /* CyclingSpeedCadenceService.swift */ = {isa = PBXFileReference; fileEncoding = 4; lastKnownFileType = sourcecode.swift; name = CyclingSpeedCadenceService.swift; path = Sources/CyclingSpeedCadenceService.swift; sourceTree = "<group>"; };
		8D278AC71E5D27FA0099085A /* DeviceInformationService.swift */ = {isa = PBXFileReference; fileEncoding = 4; lastKnownFileType = sourcecode.swift; name = DeviceInformationService.swift; path = Sources/DeviceInformationService.swift; sourceTree = "<group>"; };
		8D278AC81E5D27FA0099085A /* HeartRateSerializer.swift */ = {isa = PBXFileReference; fileEncoding = 4; lastKnownFileType = sourcecode.swift; name = HeartRateSerializer.swift; path = Sources/HeartRateSerializer.swift; sourceTree = "<group>"; };
		8D278AC91E5D27FA0099085A /* HeartRateService.swift */ = {isa = PBXFileReference; fileEncoding = 4; lastKnownFileType = sourcecode.swift; name = HeartRateService.swift; path = Sources/HeartRateService.swift; sourceTree = "<group>"; };
		8D278ACA1E5D27FA0099085A /* Operators.swift */ = {isa = PBXFileReference; fileEncoding = 4; lastKnownFileType = sourcecode.swift; name = Operators.swift; path = Sources/Operators.swift; sourceTree = "<group>"; };
		8D278ACB1E5D27FA0099085A /* RSSINormalizer.swift */ = {isa = PBXFileReference; fileEncoding = 4; lastKnownFileType = sourcecode.swift; name = RSSINormalizer.swift; path = Sources/RSSINormalizer.swift; sourceTree = "<group>"; };
		8D278ACC1E5D27FA0099085A /* Sensor.swift */ = {isa = PBXFileReference; fileEncoding = 4; lastKnownFileType = sourcecode.swift; name = Sensor.swift; path = Sources/Sensor.swift; sourceTree = "<group>"; };
		8D278ACD1E5D27FA0099085A /* SensorManager.swift */ = {isa = PBXFileReference; fileEncoding = 4; lastKnownFileType = sourcecode.swift; name = SensorManager.swift; path = Sources/SensorManager.swift; sourceTree = "<group>"; };
		8D278ACE1E5D27FA0099085A /* Service.swift */ = {isa = PBXFileReference; fileEncoding = 4; lastKnownFileType = sourcecode.swift; name = Service.swift; path = Sources/Service.swift; sourceTree = "<group>"; };
		8D4FA7761C9C8693000285BA /* SwiftySensors.framework */ = {isa = PBXFileReference; explicitFileType = wrapper.framework; includeInIndex = 0; path = SwiftySensors.framework; sourceTree = BUILT_PRODUCTS_DIR; };
		8D659AB61C9C8B2300CF3C60 /* SwiftySensorsExample.app */ = {isa = PBXFileReference; explicitFileType = wrapper.application; includeInIndex = 0; path = SwiftySensorsExample.app; sourceTree = BUILT_PRODUCTS_DIR; };
		8D659AB81C9C8B2300CF3C60 /* AppDelegate.swift */ = {isa = PBXFileReference; lastKnownFileType = sourcecode.swift; path = AppDelegate.swift; sourceTree = "<group>"; };
		8D659ABA1C9C8B2300CF3C60 /* SensorListViewController.swift */ = {isa = PBXFileReference; lastKnownFileType = sourcecode.swift; path = SensorListViewController.swift; sourceTree = "<group>"; };
		8D659ABD1C9C8B2300CF3C60 /* Base */ = {isa = PBXFileReference; lastKnownFileType = file.storyboard; name = Base; path = Base.lproj/Main.storyboard; sourceTree = "<group>"; };
		8D659ABF1C9C8B2300CF3C60 /* Assets.xcassets */ = {isa = PBXFileReference; lastKnownFileType = folder.assetcatalog; path = Assets.xcassets; sourceTree = "<group>"; };
		8D659AC21C9C8B2300CF3C60 /* Base */ = {isa = PBXFileReference; lastKnownFileType = file.storyboard; name = Base; path = Base.lproj/LaunchScreen.storyboard; sourceTree = "<group>"; };
		8D659AC41C9C8B2300CF3C60 /* Info.plist */ = {isa = PBXFileReference; lastKnownFileType = text.plist.xml; path = Info.plist; sourceTree = "<group>"; };
		8D659AD21C9C8D8E00CF3C60 /* CoreBluetooth.framework */ = {isa = PBXFileReference; lastKnownFileType = wrapper.framework; name = CoreBluetooth.framework; path = System/Library/Frameworks/CoreBluetooth.framework; sourceTree = SDKROOT; };
		8D659AD91C9C9AB900CF3C60 /* SensorDetailsViewController.swift */ = {isa = PBXFileReference; fileEncoding = 4; lastKnownFileType = sourcecode.swift; path = SensorDetailsViewController.swift; sourceTree = "<group>"; };
		8D6EC2F51F1409D3006FE4A0 /* FitnessMachineSerializer.swift */ = {isa = PBXFileReference; fileEncoding = 4; lastKnownFileType = sourcecode.swift; name = FitnessMachineSerializer.swift; path = Sources/FitnessMachineSerializer.swift; sourceTree = "<group>"; };
		8D6EF9BF332026EEBBFC6DBB /* Pods-SwiftySensors macOS.debug.xcconfig */ = {isa = PBXFileReference; includeInIndex = 1; lastKnownFileType = text.xcconfig; name = "Pods-SwiftySensors macOS.debug.xcconfig"; path = "Pods/Target Support Files/Pods-SwiftySensors macOS/Pods-SwiftySensors macOS.debug.xcconfig"; sourceTree = "<group>"; };
		8D7843161F0FDB920047C7F1 /* FitnessMachineService.swift */ = {isa = PBXFileReference; fileEncoding = 4; lastKnownFileType = sourcecode.swift; name = FitnessMachineService.swift; path = Sources/FitnessMachineService.swift; sourceTree = "<group>"; };
		8D8140181CA59927001D75B3 /* SwiftySensors.framework */ = {isa = PBXFileReference; explicitFileType = wrapper.framework; includeInIndex = 0; path = SwiftySensors.framework; sourceTree = BUILT_PRODUCTS_DIR; };
		8D95ED0C1E5B65AE00A91EBC /* ServiceDetailsViewController.swift */ = {isa = PBXFileReference; fileEncoding = 4; lastKnownFileType = sourcecode.swift; path = ServiceDetailsViewController.swift; sourceTree = "<group>"; };
		8D95ED0E1E5B6AA400A91EBC /* CharacteristicViewController.swift */ = {isa = PBXFileReference; fileEncoding = 4; lastKnownFileType = sourcecode.swift; path = CharacteristicViewController.swift; sourceTree = "<group>"; };
		A424BF11970E04291F962ABB /* Pods-SwiftySensorsExample.debug.xcconfig */ = {isa = PBXFileReference; includeInIndex = 1; lastKnownFileType = text.xcconfig; name = "Pods-SwiftySensorsExample.debug.xcconfig"; path = "Pods/Target Support Files/Pods-SwiftySensorsExample/Pods-SwiftySensorsExample.debug.xcconfig"; sourceTree = "<group>"; };
		ACACF3C05A92000BD1D2C124 /* Pods-SwiftySensors macOS.release.xcconfig */ = {isa = PBXFileReference; includeInIndex = 1; lastKnownFileType = text.xcconfig; name = "Pods-SwiftySensors macOS.release.xcconfig"; path = "Pods/Target Support Files/Pods-SwiftySensors macOS/Pods-SwiftySensors macOS.release.xcconfig"; sourceTree = "<group>"; };
		D2D73EDAC08C01F7B891FC66 /* Pods-SwiftySensors iOS.debug.xcconfig */ = {isa = PBXFileReference; includeInIndex = 1; lastKnownFileType = text.xcconfig; name = "Pods-SwiftySensors iOS.debug.xcconfig"; path = "Pods/Target Support Files/Pods-SwiftySensors iOS/Pods-SwiftySensors iOS.debug.xcconfig"; sourceTree = "<group>"; };
		D873857A71CA4C5D8205BF83 /* Pods-SwiftySensors tvOS.release.xcconfig */ = {isa = PBXFileReference; includeInIndex = 1; lastKnownFileType = text.xcconfig; name = "Pods-SwiftySensors tvOS.release.xcconfig"; path = "Pods/Target Support Files/Pods-SwiftySensors tvOS/Pods-SwiftySensors tvOS.release.xcconfig"; sourceTree = "<group>"; };
		EA15E5AF7A8ABE16C1A3E758 /* Pods-SwiftySensors tvOS.debug.xcconfig */ = {isa = PBXFileReference; includeInIndex = 1; lastKnownFileType = text.xcconfig; name = "Pods-SwiftySensors tvOS.debug.xcconfig"; path = "Pods/Target Support Files/Pods-SwiftySensors tvOS/Pods-SwiftySensors tvOS.debug.xcconfig"; sourceTree = "<group>"; };
		FC6E45D40E62A3D07823C750 /* Pods-SwiftySensorsExample.release.xcconfig */ = {isa = PBXFileReference; includeInIndex = 1; lastKnownFileType = text.xcconfig; name = "Pods-SwiftySensorsExample.release.xcconfig"; path = "Pods/Target Support Files/Pods-SwiftySensorsExample/Pods-SwiftySensorsExample.release.xcconfig"; sourceTree = "<group>"; };
/* End PBXFileReference section */

/* Begin PBXFrameworksBuildPhase section */
		8D0B379A1FE18EA20073A7F7 /* Frameworks */ = {
			isa = PBXFrameworksBuildPhase;
			buildActionMask = 2147483647;
			files = (
				A1FFF6E14A878EF5DA74627C /* Pods_SwiftySensors_tvOS.framework in Frameworks */,
			);
			runOnlyForDeploymentPostprocessing = 0;
		};
		8D4FA7721C9C8693000285BA /* Frameworks */ = {
			isa = PBXFrameworksBuildPhase;
			buildActionMask = 2147483647;
			files = (
				B00F9103DBD2EDA4A665C61C /* Pods_SwiftySensors_iOS.framework in Frameworks */,
			);
			runOnlyForDeploymentPostprocessing = 0;
		};
		8D659AB31C9C8B2300CF3C60 /* Frameworks */ = {
			isa = PBXFrameworksBuildPhase;
			buildActionMask = 2147483647;
			files = (
				8D659AD31C9C8D8E00CF3C60 /* CoreBluetooth.framework in Frameworks */,
				8D659AD11C9C8D8700CF3C60 /* SwiftySensors.framework in Frameworks */,
				FD57673FAB71D91BDC023BF2 /* Pods_SwiftySensorsExample.framework in Frameworks */,
			);
			runOnlyForDeploymentPostprocessing = 0;
		};
		8D8140141CA59927001D75B3 /* Frameworks */ = {
			isa = PBXFrameworksBuildPhase;
			buildActionMask = 2147483647;
			files = (
				E1D43C3CC22C92C768333FF6 /* Pods_SwiftySensors_macOS.framework in Frameworks */,
			);
			runOnlyForDeploymentPostprocessing = 0;
		};
/* End PBXFrameworksBuildPhase section */

/* Begin PBXGroup section */
		28A17413CB57C6E0D8A89E9B /* Pods */ = {
			isa = PBXGroup;
			children = (
				D2D73EDAC08C01F7B891FC66 /* Pods-SwiftySensors iOS.debug.xcconfig */,
				7D616CD15F403945FCE530FF /* Pods-SwiftySensors iOS.release.xcconfig */,
				8D6EF9BF332026EEBBFC6DBB /* Pods-SwiftySensors macOS.debug.xcconfig */,
				ACACF3C05A92000BD1D2C124 /* Pods-SwiftySensors macOS.release.xcconfig */,
				EA15E5AF7A8ABE16C1A3E758 /* Pods-SwiftySensors tvOS.debug.xcconfig */,
				D873857A71CA4C5D8205BF83 /* Pods-SwiftySensors tvOS.release.xcconfig */,
				A424BF11970E04291F962ABB /* Pods-SwiftySensorsExample.debug.xcconfig */,
				FC6E45D40E62A3D07823C750 /* Pods-SwiftySensorsExample.release.xcconfig */,
			);
			name = Pods;
			sourceTree = "<group>";
		};
		8D278AED1E5D28080099085A /* Serializers */ = {
			isa = PBXGroup;
			children = (
				8D278AC41E5D27FA0099085A /* CyclingSerializer.swift */,
				8D278AC21E5D27FA0099085A /* CyclingPowerSerializer.swift */,
				8D278AC51E5D27FA0099085A /* CyclingSpeedCadenceSerializer.swift */,
				8D6EC2F51F1409D3006FE4A0 /* FitnessMachineSerializer.swift */,
				8D278AC81E5D27FA0099085A /* HeartRateSerializer.swift */,
			);
			name = Serializers;
			sourceTree = "<group>";
		};
		8D278AEE1E5D283B0099085A /* Services */ = {
			isa = PBXGroup;
			children = (
				8D278AC31E5D27FA0099085A /* CyclingPowerService.swift */,
				8D278AC61E5D27FA0099085A /* CyclingSpeedCadenceService.swift */,
				8D278AC71E5D27FA0099085A /* DeviceInformationService.swift */,
				8D7843161F0FDB920047C7F1 /* FitnessMachineService.swift */,
				8D278AC91E5D27FA0099085A /* HeartRateService.swift */,
			);
			name = Services;
			sourceTree = "<group>";
		};
		8D278AEF1E5D28530099085A /* Utils */ = {
			isa = PBXGroup;
			children = (
				8D278AC11E5D27FA0099085A /* CoreBluetooth.swift */,
				8D278ACA1E5D27FA0099085A /* Operators.swift */,
				8D278ACB1E5D27FA0099085A /* RSSINormalizer.swift */,
			);
			name = Utils;
			sourceTree = "<group>";
		};
		8D4FA7491C9C8594000285BA = {
			isa = PBXGroup;
			children = (
				8D4FA7671C9C8623000285BA /* SwiftySensors */,
				8D659AB71C9C8B2300CF3C60 /* SwiftySensorsExample */,
				8D4FA7531C9C8594000285BA /* Products */,
				9424433271DD7EBCCCD4C761 /* Frameworks */,
				28A17413CB57C6E0D8A89E9B /* Pods */,
			);
			sourceTree = "<group>";
		};
		8D4FA7531C9C8594000285BA /* Products */ = {
			isa = PBXGroup;
			children = (
				8D4FA7761C9C8693000285BA /* SwiftySensors.framework */,
				8D659AB61C9C8B2300CF3C60 /* SwiftySensorsExample.app */,
				8D8140181CA59927001D75B3 /* SwiftySensors.framework */,
				8D0B37A21FE18EA20073A7F7 /* SwiftySensors.framework */,
			);
			name = Products;
			sourceTree = "<group>";
		};
		8D4FA7671C9C8623000285BA /* SwiftySensors */ = {
			isa = PBXGroup;
			children = (
				8D278ACD1E5D27FA0099085A /* SensorManager.swift */,
				8D278ACC1E5D27FA0099085A /* Sensor.swift */,
				8D278ACE1E5D27FA0099085A /* Service.swift */,
				8D278AC01E5D27FA0099085A /* Characteristic.swift */,
				8D278AEE1E5D283B0099085A /* Services */,
				8D278AEF1E5D28530099085A /* Utils */,
				8D278AED1E5D28080099085A /* Serializers */,
			);
			name = SwiftySensors;
			sourceTree = "<group>";
		};
		8D659AB71C9C8B2300CF3C60 /* SwiftySensorsExample */ = {
			isa = PBXGroup;
			children = (
				8D659AC11C9C8B2300CF3C60 /* LaunchScreen.storyboard */,
				8D659ABC1C9C8B2300CF3C60 /* Main.storyboard */,
				8D659ABF1C9C8B2300CF3C60 /* Assets.xcassets */,
				8D659AC41C9C8B2300CF3C60 /* Info.plist */,
				8D659AB81C9C8B2300CF3C60 /* AppDelegate.swift */,
				8D659ABA1C9C8B2300CF3C60 /* SensorListViewController.swift */,
				8D659AD91C9C9AB900CF3C60 /* SensorDetailsViewController.swift */,
				8D95ED0C1E5B65AE00A91EBC /* ServiceDetailsViewController.swift */,
				8D95ED0E1E5B6AA400A91EBC /* CharacteristicViewController.swift */,
			);
			path = SwiftySensorsExample;
			sourceTree = "<group>";
		};
		9424433271DD7EBCCCD4C761 /* Frameworks */ = {
			isa = PBXGroup;
			children = (
				8D659AD21C9C8D8E00CF3C60 /* CoreBluetooth.framework */,
				8BD1EBB555D9D82983EA461E /* Pods_SwiftySensors_iOS.framework */,
				3BFEC22A5C90E7F6BE33DBF1 /* Pods_SwiftySensors_macOS.framework */,
				65316ED9EEE7FADC9F2AD916 /* Pods_SwiftySensors_tvOS.framework */,
				26891D16EDF06F763956E66A /* Pods_SwiftySensorsExample.framework */,
			);
			name = Frameworks;
			sourceTree = "<group>";
		};
/* End PBXGroup section */

/* Begin PBXHeadersBuildPhase section */
		8D0B379C1FE18EA20073A7F7 /* Headers */ = {
			isa = PBXHeadersBuildPhase;
			buildActionMask = 2147483647;
			files = (
			);
			runOnlyForDeploymentPostprocessing = 0;
		};
		8D4FA7731C9C8693000285BA /* Headers */ = {
			isa = PBXHeadersBuildPhase;
			buildActionMask = 2147483647;
			files = (
			);
			runOnlyForDeploymentPostprocessing = 0;
		};
		8D8140151CA59927001D75B3 /* Headers */ = {
			isa = PBXHeadersBuildPhase;
			buildActionMask = 2147483647;
			files = (
			);
			runOnlyForDeploymentPostprocessing = 0;
		};
/* End PBXHeadersBuildPhase section */

/* Begin PBXNativeTarget section */
		8D0B37861FE18EA20073A7F7 /* SwiftySensors tvOS */ = {
			isa = PBXNativeTarget;
			buildConfigurationList = 8D0B379F1FE18EA20073A7F7 /* Build configuration list for PBXNativeTarget "SwiftySensors tvOS" */;
			buildPhases = (
				75852546F5B0DEFA2EA7C1D0 /* [CP] Check Pods Manifest.lock */,
				8D0B37881FE18EA20073A7F7 /* Sources */,
				8D0B379A1FE18EA20073A7F7 /* Frameworks */,
				8D0B379C1FE18EA20073A7F7 /* Headers */,
				8D0B379D1FE18EA20073A7F7 /* Resources */,
				298F8C2C6CEF7390FEB6B92D /* [CP] Copy Pods Resources */,
			);
			buildRules = (
			);
			dependencies = (
			);
			name = "SwiftySensors tvOS";
			productName = SwiftySensors;
			productReference = 8D0B37A21FE18EA20073A7F7 /* SwiftySensors.framework */;
			productType = "com.apple.product-type.framework";
		};
		8D4FA7751C9C8693000285BA /* SwiftySensors iOS */ = {
			isa = PBXNativeTarget;
			buildConfigurationList = 8D4FA77B1C9C8693000285BA /* Build configuration list for PBXNativeTarget "SwiftySensors iOS" */;
			buildPhases = (
				7692C417284F6B15E9BA3F20 /* [CP] Check Pods Manifest.lock */,
				8D4FA7711C9C8693000285BA /* Sources */,
				8D4FA7721C9C8693000285BA /* Frameworks */,
				8D4FA7731C9C8693000285BA /* Headers */,
				8D4FA7741C9C8693000285BA /* Resources */,
				39795DDB60038D418EC896B1 /* [CP] Copy Pods Resources */,
			);
			buildRules = (
			);
			dependencies = (
			);
			name = "SwiftySensors iOS";
			productName = SwiftySensors;
			productReference = 8D4FA7761C9C8693000285BA /* SwiftySensors.framework */;
			productType = "com.apple.product-type.framework";
		};
		8D659AB51C9C8B2300CF3C60 /* SwiftySensorsExample */ = {
			isa = PBXNativeTarget;
			buildConfigurationList = 8D659AC51C9C8B2300CF3C60 /* Build configuration list for PBXNativeTarget "SwiftySensorsExample" */;
			buildPhases = (
				62270178A04A2B25B4DD783C /* [CP] Check Pods Manifest.lock */,
				8D659AB21C9C8B2300CF3C60 /* Sources */,
				8D659AB31C9C8B2300CF3C60 /* Frameworks */,
				8D659AB41C9C8B2300CF3C60 /* Resources */,
				8D659AD81C9C8DC800CF3C60 /* Embed Frameworks */,
				1E060703740EB67D4DC17D20 /* [CP] Embed Pods Frameworks */,
				EF7746A8A93E7CE07DA20070 /* [CP] Copy Pods Resources */,
			);
			buildRules = (
			);
			dependencies = (
				8D659AD51C9C8DAE00CF3C60 /* PBXTargetDependency */,
			);
			name = SwiftySensorsExample;
			productName = SwiftySensorsExample;
			productReference = 8D659AB61C9C8B2300CF3C60 /* SwiftySensorsExample.app */;
			productType = "com.apple.product-type.application";
		};
		8D8140171CA59927001D75B3 /* SwiftySensors macOS */ = {
			isa = PBXNativeTarget;
			buildConfigurationList = 8D81401D1CA59927001D75B3 /* Build configuration list for PBXNativeTarget "SwiftySensors macOS" */;
			buildPhases = (
				5A31A96255F1B1C3D885AB44 /* [CP] Check Pods Manifest.lock */,
				8D8140131CA59927001D75B3 /* Sources */,
				8D8140141CA59927001D75B3 /* Frameworks */,
				8D8140151CA59927001D75B3 /* Headers */,
				8D8140161CA59927001D75B3 /* Resources */,
				340F1125EA88BB03E3192567 /* [CP] Copy Pods Resources */,
			);
			buildRules = (
			);
			dependencies = (
			);
			name = "SwiftySensors macOS";
			productName = SwiftySensors;
			productReference = 8D8140181CA59927001D75B3 /* SwiftySensors.framework */;
			productType = "com.apple.product-type.framework";
		};
/* End PBXNativeTarget section */

/* Begin PBXProject section */
		8D4FA74A1C9C8594000285BA /* Project object */ = {
			isa = PBXProject;
			attributes = {
				LastSwiftUpdateCheck = 0720;
				LastUpgradeCheck = 0900;
				ORGANIZATIONNAME = Kinetic;
				TargetAttributes = {
					8D4FA7751C9C8693000285BA = {
						CreatedOnToolsVersion = 7.2.1;
						LastSwiftMigration = 0900;
					};
					8D659AB51C9C8B2300CF3C60 = {
						CreatedOnToolsVersion = 7.2.1;
						LastSwiftMigration = 0900;
						ProvisioningStyle = Manual;
						SystemCapabilities = {
							com.apple.BackgroundModes = {
								enabled = 1;
							};
						};
					};
					8D8140171CA59927001D75B3 = {
						CreatedOnToolsVersion = 7.3;
						LastSwiftMigration = 0820;
						ProvisioningStyle = Manual;
					};
				};
			};
			buildConfigurationList = 8D4FA74D1C9C8594000285BA /* Build configuration list for PBXProject "SwiftySensors" */;
			compatibilityVersion = "Xcode 3.2";
			developmentRegion = English;
			hasScannedForEncodings = 0;
			knownRegions = (
				en,
				Base,
			);
			mainGroup = 8D4FA7491C9C8594000285BA;
			productRefGroup = 8D4FA7531C9C8594000285BA /* Products */;
			projectDirPath = "";
			projectRoot = "";
			targets = (
				8D4FA7751C9C8693000285BA /* SwiftySensors iOS */,
				8D8140171CA59927001D75B3 /* SwiftySensors macOS */,
				8D0B37861FE18EA20073A7F7 /* SwiftySensors tvOS */,
				8D659AB51C9C8B2300CF3C60 /* SwiftySensorsExample */,
			);
		};
/* End PBXProject section */

/* Begin PBXResourcesBuildPhase section */
		8D0B379D1FE18EA20073A7F7 /* Resources */ = {
			isa = PBXResourcesBuildPhase;
			buildActionMask = 2147483647;
			files = (
			);
			runOnlyForDeploymentPostprocessing = 0;
		};
		8D4FA7741C9C8693000285BA /* Resources */ = {
			isa = PBXResourcesBuildPhase;
			buildActionMask = 2147483647;
			files = (
			);
			runOnlyForDeploymentPostprocessing = 0;
		};
		8D659AB41C9C8B2300CF3C60 /* Resources */ = {
			isa = PBXResourcesBuildPhase;
			buildActionMask = 2147483647;
			files = (
				8D659AC31C9C8B2300CF3C60 /* LaunchScreen.storyboard in Resources */,
				8D659AC01C9C8B2300CF3C60 /* Assets.xcassets in Resources */,
				8D659ABE1C9C8B2300CF3C60 /* Main.storyboard in Resources */,
			);
			runOnlyForDeploymentPostprocessing = 0;
		};
		8D8140161CA59927001D75B3 /* Resources */ = {
			isa = PBXResourcesBuildPhase;
			buildActionMask = 2147483647;
			files = (
			);
			runOnlyForDeploymentPostprocessing = 0;
		};
/* End PBXResourcesBuildPhase section */

/* Begin PBXShellScriptBuildPhase section */
		1E060703740EB67D4DC17D20 /* [CP] Embed Pods Frameworks */ = {
			isa = PBXShellScriptBuildPhase;
			buildActionMask = 2147483647;
			files = (
			);
			inputPaths = (
				"${SRCROOT}/Pods/Target Support Files/Pods-SwiftySensorsExample/Pods-SwiftySensorsExample-frameworks.sh",
				"${BUILT_PRODUCTS_DIR}/Signals-iOS/Signals.framework",
			);
			name = "[CP] Embed Pods Frameworks";
			outputPaths = (
				"${TARGET_BUILD_DIR}/${FRAMEWORKS_FOLDER_PATH}/Signals.framework",
			);
			runOnlyForDeploymentPostprocessing = 0;
			shellPath = /bin/sh;
			shellScript = "\"${SRCROOT}/Pods/Target Support Files/Pods-SwiftySensorsExample/Pods-SwiftySensorsExample-frameworks.sh\"\n";
			showEnvVarsInLog = 0;
		};
		298F8C2C6CEF7390FEB6B92D /* [CP] Copy Pods Resources */ = {
			isa = PBXShellScriptBuildPhase;
			buildActionMask = 2147483647;
			files = (
			);
			inputPaths = (
			);
			name = "[CP] Copy Pods Resources";
			outputPaths = (
			);
			runOnlyForDeploymentPostprocessing = 0;
			shellPath = /bin/sh;
			shellScript = "\"${SRCROOT}/Pods/Target Support Files/Pods-SwiftySensors tvOS/Pods-SwiftySensors tvOS-resources.sh\"\n";
			showEnvVarsInLog = 0;
		};
		340F1125EA88BB03E3192567 /* [CP] Copy Pods Resources */ = {
			isa = PBXShellScriptBuildPhase;
			buildActionMask = 2147483647;
			files = (
			);
			inputPaths = (
			);
			name = "[CP] Copy Pods Resources";
			outputPaths = (
			);
			runOnlyForDeploymentPostprocessing = 0;
			shellPath = /bin/sh;
			shellScript = "\"${SRCROOT}/Pods/Target Support Files/Pods-SwiftySensors macOS/Pods-SwiftySensors macOS-resources.sh\"\n";
			showEnvVarsInLog = 0;
		};
		39795DDB60038D418EC896B1 /* [CP] Copy Pods Resources */ = {
			isa = PBXShellScriptBuildPhase;
			buildActionMask = 2147483647;
			files = (
			);
			inputPaths = (
			);
			name = "[CP] Copy Pods Resources";
			outputPaths = (
			);
			runOnlyForDeploymentPostprocessing = 0;
			shellPath = /bin/sh;
			shellScript = "\"${SRCROOT}/Pods/Target Support Files/Pods-SwiftySensors iOS/Pods-SwiftySensors iOS-resources.sh\"\n";
			showEnvVarsInLog = 0;
		};
		5A31A96255F1B1C3D885AB44 /* [CP] Check Pods Manifest.lock */ = {
			isa = PBXShellScriptBuildPhase;
			buildActionMask = 2147483647;
			files = (
			);
			inputPaths = (
				"${PODS_PODFILE_DIR_PATH}/Podfile.lock",
				"${PODS_ROOT}/Manifest.lock",
			);
			name = "[CP] Check Pods Manifest.lock";
			outputPaths = (
				"$(DERIVED_FILE_DIR)/Pods-SwiftySensors macOS-checkManifestLockResult.txt",
			);
			runOnlyForDeploymentPostprocessing = 0;
			shellPath = /bin/sh;
			shellScript = "diff \"${PODS_PODFILE_DIR_PATH}/Podfile.lock\" \"${PODS_ROOT}/Manifest.lock\" > /dev/null\nif [ $? != 0 ] ; then\n    # print error to STDERR\n    echo \"error: The sandbox is not in sync with the Podfile.lock. Run 'pod install' or update your CocoaPods installation.\" >&2\n    exit 1\nfi\n# This output is used by Xcode 'outputs' to avoid re-running this script phase.\necho \"SUCCESS\" > \"${SCRIPT_OUTPUT_FILE_0}\"\n";
			showEnvVarsInLog = 0;
		};
		62270178A04A2B25B4DD783C /* [CP] Check Pods Manifest.lock */ = {
			isa = PBXShellScriptBuildPhase;
			buildActionMask = 2147483647;
			files = (
			);
			inputPaths = (
				"${PODS_PODFILE_DIR_PATH}/Podfile.lock",
				"${PODS_ROOT}/Manifest.lock",
			);
			name = "[CP] Check Pods Manifest.lock";
			outputPaths = (
				"$(DERIVED_FILE_DIR)/Pods-SwiftySensorsExample-checkManifestLockResult.txt",
			);
			runOnlyForDeploymentPostprocessing = 0;
			shellPath = /bin/sh;
			shellScript = "diff \"${PODS_PODFILE_DIR_PATH}/Podfile.lock\" \"${PODS_ROOT}/Manifest.lock\" > /dev/null\nif [ $? != 0 ] ; then\n    # print error to STDERR\n    echo \"error: The sandbox is not in sync with the Podfile.lock. Run 'pod install' or update your CocoaPods installation.\" >&2\n    exit 1\nfi\n# This output is used by Xcode 'outputs' to avoid re-running this script phase.\necho \"SUCCESS\" > \"${SCRIPT_OUTPUT_FILE_0}\"\n";
			showEnvVarsInLog = 0;
		};
		75852546F5B0DEFA2EA7C1D0 /* [CP] Check Pods Manifest.lock */ = {
			isa = PBXShellScriptBuildPhase;
			buildActionMask = 2147483647;
			files = (
			);
			inputPaths = (
				"${PODS_PODFILE_DIR_PATH}/Podfile.lock",
				"${PODS_ROOT}/Manifest.lock",
			);
			name = "[CP] Check Pods Manifest.lock";
			outputPaths = (
				"$(DERIVED_FILE_DIR)/Pods-SwiftySensors tvOS-checkManifestLockResult.txt",
			);
			runOnlyForDeploymentPostprocessing = 0;
			shellPath = /bin/sh;
			shellScript = "diff \"${PODS_PODFILE_DIR_PATH}/Podfile.lock\" \"${PODS_ROOT}/Manifest.lock\" > /dev/null\nif [ $? != 0 ] ; then\n    # print error to STDERR\n    echo \"error: The sandbox is not in sync with the Podfile.lock. Run 'pod install' or update your CocoaPods installation.\" >&2\n    exit 1\nfi\n# This output is used by Xcode 'outputs' to avoid re-running this script phase.\necho \"SUCCESS\" > \"${SCRIPT_OUTPUT_FILE_0}\"\n";
			showEnvVarsInLog = 0;
		};
		7692C417284F6B15E9BA3F20 /* [CP] Check Pods Manifest.lock */ = {
			isa = PBXShellScriptBuildPhase;
			buildActionMask = 2147483647;
			files = (
			);
			inputPaths = (
				"${PODS_PODFILE_DIR_PATH}/Podfile.lock",
				"${PODS_ROOT}/Manifest.lock",
			);
			name = "[CP] Check Pods Manifest.lock";
			outputPaths = (
				"$(DERIVED_FILE_DIR)/Pods-SwiftySensors iOS-checkManifestLockResult.txt",
			);
			runOnlyForDeploymentPostprocessing = 0;
			shellPath = /bin/sh;
			shellScript = "diff \"${PODS_PODFILE_DIR_PATH}/Podfile.lock\" \"${PODS_ROOT}/Manifest.lock\" > /dev/null\nif [ $? != 0 ] ; then\n    # print error to STDERR\n    echo \"error: The sandbox is not in sync with the Podfile.lock. Run 'pod install' or update your CocoaPods installation.\" >&2\n    exit 1\nfi\n# This output is used by Xcode 'outputs' to avoid re-running this script phase.\necho \"SUCCESS\" > \"${SCRIPT_OUTPUT_FILE_0}\"\n";
			showEnvVarsInLog = 0;
		};
		EF7746A8A93E7CE07DA20070 /* [CP] Copy Pods Resources */ = {
			isa = PBXShellScriptBuildPhase;
			buildActionMask = 2147483647;
			files = (
			);
			inputPaths = (
			);
			name = "[CP] Copy Pods Resources";
			outputPaths = (
			);
			runOnlyForDeploymentPostprocessing = 0;
			shellPath = /bin/sh;
			shellScript = "\"${SRCROOT}/Pods/Target Support Files/Pods-SwiftySensorsExample/Pods-SwiftySensorsExample-resources.sh\"\n";
			showEnvVarsInLog = 0;
		};
/* End PBXShellScriptBuildPhase section */

/* Begin PBXSourcesBuildPhase section */
		8D0B37881FE18EA20073A7F7 /* Sources */ = {
			isa = PBXSourcesBuildPhase;
			buildActionMask = 2147483647;
			files = (
				8D0B37891FE18EA20073A7F7 /* DeviceInformationService.swift in Sources */,
				8D0B378A1FE18EA20073A7F7 /* Characteristic.swift in Sources */,
				8D0B378B1FE18EA20073A7F7 /* FitnessMachineSerializer.swift in Sources */,
				8D0B378C1FE18EA20073A7F7 /* Service.swift in Sources */,
				8D0B378D1FE18EA20073A7F7 /* Sensor.swift in Sources */,
				8D0B378E1FE18EA20073A7F7 /* HeartRateSerializer.swift in Sources */,
				8D0B378F1FE18EA20073A7F7 /* CyclingSpeedCadenceService.swift in Sources */,
				8D0B37901FE18EA20073A7F7 /* HeartRateService.swift in Sources */,
				8D0B37911FE18EA20073A7F7 /* CoreBluetooth.swift in Sources */,
				8D0B37921FE18EA20073A7F7 /* FitnessMachineService.swift in Sources */,
				8D0B37931FE18EA20073A7F7 /* Operators.swift in Sources */,
				8D0B37941FE18EA20073A7F7 /* RSSINormalizer.swift in Sources */,
				8D0B37951FE18EA20073A7F7 /* SensorManager.swift in Sources */,
				8D0B37961FE18EA20073A7F7 /* CyclingPowerSerializer.swift in Sources */,
				8D0B37971FE18EA20073A7F7 /* CyclingSerializer.swift in Sources */,
				8D0B37981FE18EA20073A7F7 /* CyclingPowerService.swift in Sources */,
				8D0B37991FE18EA20073A7F7 /* CyclingSpeedCadenceSerializer.swift in Sources */,
			);
			runOnlyForDeploymentPostprocessing = 0;
		};
		8D4FA7711C9C8693000285BA /* Sources */ = {
			isa = PBXSourcesBuildPhase;
			buildActionMask = 2147483647;
			files = (
				8D278ADD1E5D27FA0099085A /* DeviceInformationService.swift in Sources */,
				8D278ACF1E5D27FA0099085A /* Characteristic.swift in Sources */,
				8D6EC2F61F1409D3006FE4A0 /* FitnessMachineSerializer.swift in Sources */,
				8D278AEB1E5D27FA0099085A /* Service.swift in Sources */,
				8D278AE71E5D27FA0099085A /* Sensor.swift in Sources */,
				8D278ADF1E5D27FA0099085A /* HeartRateSerializer.swift in Sources */,
				8D278ADB1E5D27FA0099085A /* CyclingSpeedCadenceService.swift in Sources */,
				8D278AE11E5D27FA0099085A /* HeartRateService.swift in Sources */,
				8D278AD11E5D27FA0099085A /* CoreBluetooth.swift in Sources */,
				8D7843171F0FDB920047C7F1 /* FitnessMachineService.swift in Sources */,
				8D278AE31E5D27FA0099085A /* Operators.swift in Sources */,
				8D278AE51E5D27FA0099085A /* RSSINormalizer.swift in Sources */,
				8D278AE91E5D27FA0099085A /* SensorManager.swift in Sources */,
				8D278AD31E5D27FA0099085A /* CyclingPowerSerializer.swift in Sources */,
				8D278AD71E5D27FA0099085A /* CyclingSerializer.swift in Sources */,
				8D278AD51E5D27FA0099085A /* CyclingPowerService.swift in Sources */,
				8D278AD91E5D27FA0099085A /* CyclingSpeedCadenceSerializer.swift in Sources */,
			);
			runOnlyForDeploymentPostprocessing = 0;
		};
		8D659AB21C9C8B2300CF3C60 /* Sources */ = {
			isa = PBXSourcesBuildPhase;
			buildActionMask = 2147483647;
			files = (
				8D659ADA1C9C9AB900CF3C60 /* SensorDetailsViewController.swift in Sources */,
				8D659ABB1C9C8B2300CF3C60 /* SensorListViewController.swift in Sources */,
				8D659AB91C9C8B2300CF3C60 /* AppDelegate.swift in Sources */,
				8D95ED0D1E5B65AE00A91EBC /* ServiceDetailsViewController.swift in Sources */,
				8D95ED0F1E5B6AA400A91EBC /* CharacteristicViewController.swift in Sources */,
			);
			runOnlyForDeploymentPostprocessing = 0;
		};
		8D8140131CA59927001D75B3 /* Sources */ = {
			isa = PBXSourcesBuildPhase;
			buildActionMask = 2147483647;
			files = (
				8D278ADE1E5D27FA0099085A /* DeviceInformationService.swift in Sources */,
				8D278AD01E5D27FA0099085A /* Characteristic.swift in Sources */,
				8D6EC2F71F1409D3006FE4A0 /* FitnessMachineSerializer.swift in Sources */,
				8D278AEC1E5D27FA0099085A /* Service.swift in Sources */,
				8D278AE81E5D27FA0099085A /* Sensor.swift in Sources */,
				8D278AE01E5D27FA0099085A /* HeartRateSerializer.swift in Sources */,
				8D278ADC1E5D27FA0099085A /* CyclingSpeedCadenceService.swift in Sources */,
				8D278AE21E5D27FA0099085A /* HeartRateService.swift in Sources */,
				8D278AD21E5D27FA0099085A /* CoreBluetooth.swift in Sources */,
				8D7843181F0FDB920047C7F1 /* FitnessMachineService.swift in Sources */,
				8D278AE41E5D27FA0099085A /* Operators.swift in Sources */,
				8D278AE61E5D27FA0099085A /* RSSINormalizer.swift in Sources */,
				8D278AEA1E5D27FA0099085A /* SensorManager.swift in Sources */,
				8D278AD41E5D27FA0099085A /* CyclingPowerSerializer.swift in Sources */,
				8D278AD81E5D27FA0099085A /* CyclingSerializer.swift in Sources */,
				8D278AD61E5D27FA0099085A /* CyclingPowerService.swift in Sources */,
				8D278ADA1E5D27FA0099085A /* CyclingSpeedCadenceSerializer.swift in Sources */,
			);
			runOnlyForDeploymentPostprocessing = 0;
		};
/* End PBXSourcesBuildPhase section */

/* Begin PBXTargetDependency section */
		8D659AD51C9C8DAE00CF3C60 /* PBXTargetDependency */ = {
			isa = PBXTargetDependency;
			target = 8D4FA7751C9C8693000285BA /* SwiftySensors iOS */;
			targetProxy = 8D659AD41C9C8DAE00CF3C60 /* PBXContainerItemProxy */;
		};
/* End PBXTargetDependency section */

/* Begin PBXVariantGroup section */
		8D659ABC1C9C8B2300CF3C60 /* Main.storyboard */ = {
			isa = PBXVariantGroup;
			children = (
				8D659ABD1C9C8B2300CF3C60 /* Base */,
			);
			name = Main.storyboard;
			sourceTree = "<group>";
		};
		8D659AC11C9C8B2300CF3C60 /* LaunchScreen.storyboard */ = {
			isa = PBXVariantGroup;
			children = (
				8D659AC21C9C8B2300CF3C60 /* Base */,
			);
			name = LaunchScreen.storyboard;
			sourceTree = "<group>";
		};
/* End PBXVariantGroup section */

/* Begin XCBuildConfiguration section */
		8D0B37A01FE18EA20073A7F7 /* Debug */ = {
			isa = XCBuildConfiguration;
			baseConfigurationReference = EA15E5AF7A8ABE16C1A3E758 /* Pods-SwiftySensors tvOS.debug.xcconfig */;
			buildSettings = {
				ALWAYS_EMBED_SWIFT_STANDARD_LIBRARIES = YES;
				CLANG_ENABLE_MODULES = YES;
				CODE_SIGN_IDENTITY = "iPhone Developer";
				"CODE_SIGN_IDENTITY[sdk=iphoneos*]" = "";
				CURRENT_PROJECT_VERSION = 1;
				DEFINES_MODULE = YES;
				DYLIB_COMPATIBILITY_VERSION = 1;
				DYLIB_CURRENT_VERSION = 1;
				DYLIB_INSTALL_NAME_BASE = "@rpath";
				INFOPLIST_FILE = "$(SRCROOT)/Sources/Info.plist";
				INSTALL_PATH = "$(LOCAL_LIBRARY_DIR)/Frameworks";
				LD_RUNPATH_SEARCH_PATHS = "$(inherited) @executable_path/Frameworks @loader_path/Frameworks";
				PRODUCT_BUNDLE_IDENTIFIER = com.kinetic.SwiftySensors;
				PRODUCT_NAME = SwiftySensors;
				SKIP_INSTALL = YES;
				SUPPORTED_PLATFORMS = "appletvsimulator appletvos";
				SWIFT_OPTIMIZATION_LEVEL = "-Onone";
				SWIFT_SWIFT3_OBJC_INFERENCE = Default;
				SWIFT_VERSION = 4.0;
				TARGETED_DEVICE_FAMILY = "1,2";
				TVOS_DEPLOYMENT_TARGET = 11.2;
				VERSIONING_SYSTEM = "apple-generic";
				VERSION_INFO_PREFIX = "";
			};
			name = Debug;
		};
		8D0B37A11FE18EA20073A7F7 /* Release */ = {
			isa = XCBuildConfiguration;
			baseConfigurationReference = D873857A71CA4C5D8205BF83 /* Pods-SwiftySensors tvOS.release.xcconfig */;
			buildSettings = {
				ALWAYS_EMBED_SWIFT_STANDARD_LIBRARIES = YES;
				CLANG_ENABLE_MODULES = YES;
				CODE_SIGN_IDENTITY = "iPhone Developer";
				"CODE_SIGN_IDENTITY[sdk=iphoneos*]" = "";
				CURRENT_PROJECT_VERSION = 1;
				DEFINES_MODULE = YES;
				DYLIB_COMPATIBILITY_VERSION = 1;
				DYLIB_CURRENT_VERSION = 1;
				DYLIB_INSTALL_NAME_BASE = "@rpath";
				INFOPLIST_FILE = "$(SRCROOT)/Sources/Info.plist";
				INSTALL_PATH = "$(LOCAL_LIBRARY_DIR)/Frameworks";
				LD_RUNPATH_SEARCH_PATHS = "$(inherited) @executable_path/Frameworks @loader_path/Frameworks";
				PRODUCT_BUNDLE_IDENTIFIER = com.kinetic.SwiftySensors;
				PRODUCT_NAME = SwiftySensors;
				SKIP_INSTALL = YES;
				SUPPORTED_PLATFORMS = "appletvsimulator appletvos";
				SWIFT_SWIFT3_OBJC_INFERENCE = Default;
				SWIFT_VERSION = 4.0;
				TARGETED_DEVICE_FAMILY = "1,2";
				TVOS_DEPLOYMENT_TARGET = 11.2;
				VERSIONING_SYSTEM = "apple-generic";
				VERSION_INFO_PREFIX = "";
			};
			name = Release;
		};
		8D4FA7621C9C8594000285BA /* Debug */ = {
			isa = XCBuildConfiguration;
			buildSettings = {
				ALWAYS_SEARCH_USER_PATHS = NO;
				CLANG_CXX_LANGUAGE_STANDARD = "gnu++0x";
				CLANG_CXX_LIBRARY = "libc++";
				CLANG_ENABLE_MODULES = YES;
				CLANG_ENABLE_OBJC_ARC = YES;
				CLANG_WARN_BLOCK_CAPTURE_AUTORELEASING = YES;
				CLANG_WARN_BOOL_CONVERSION = YES;
				CLANG_WARN_COMMA = YES;
				CLANG_WARN_CONSTANT_CONVERSION = YES;
				CLANG_WARN_DIRECT_OBJC_ISA_USAGE = YES_ERROR;
				CLANG_WARN_EMPTY_BODY = YES;
				CLANG_WARN_ENUM_CONVERSION = YES;
				CLANG_WARN_INFINITE_RECURSION = YES;
				CLANG_WARN_INT_CONVERSION = YES;
				CLANG_WARN_NON_LITERAL_NULL_CONVERSION = YES;
				CLANG_WARN_OBJC_LITERAL_CONVERSION = YES;
				CLANG_WARN_OBJC_ROOT_CLASS = YES_ERROR;
				CLANG_WARN_RANGE_LOOP_ANALYSIS = YES;
				CLANG_WARN_STRICT_PROTOTYPES = YES;
				CLANG_WARN_SUSPICIOUS_MOVE = YES;
				CLANG_WARN_UNREACHABLE_CODE = YES;
				CLANG_WARN__DUPLICATE_METHOD_MATCH = YES;
				"CODE_SIGN_IDENTITY[sdk=iphoneos*]" = "iPhone Developer";
				COPY_PHASE_STRIP = NO;
				DEBUG_INFORMATION_FORMAT = dwarf;
				ENABLE_STRICT_OBJC_MSGSEND = YES;
				ENABLE_TESTABILITY = YES;
				GCC_C_LANGUAGE_STANDARD = gnu99;
				GCC_DYNAMIC_NO_PIC = NO;
				GCC_NO_COMMON_BLOCKS = YES;
				GCC_OPTIMIZATION_LEVEL = 0;
				GCC_PREPROCESSOR_DEFINITIONS = (
					"DEBUG=1",
					"$(inherited)",
				);
				GCC_WARN_64_TO_32_BIT_CONVERSION = YES;
				GCC_WARN_ABOUT_RETURN_TYPE = YES_ERROR;
				GCC_WARN_UNDECLARED_SELECTOR = YES;
				GCC_WARN_UNINITIALIZED_AUTOS = YES_AGGRESSIVE;
				GCC_WARN_UNUSED_FUNCTION = YES;
				GCC_WARN_UNUSED_VARIABLE = YES;
				IPHONEOS_DEPLOYMENT_TARGET = 8.4;
				MACOSX_DEPLOYMENT_TARGET = 10.11;
				MTL_ENABLE_DEBUG_INFO = YES;
				ONLY_ACTIVE_ARCH = YES;
				SDKROOT = iphoneos;
				SWIFT_OPTIMIZATION_LEVEL = "-Onone";
			};
			name = Debug;
		};
		8D4FA7631C9C8594000285BA /* Release */ = {
			isa = XCBuildConfiguration;
			buildSettings = {
				ALWAYS_SEARCH_USER_PATHS = NO;
				CLANG_CXX_LANGUAGE_STANDARD = "gnu++0x";
				CLANG_CXX_LIBRARY = "libc++";
				CLANG_ENABLE_MODULES = YES;
				CLANG_ENABLE_OBJC_ARC = YES;
				CLANG_WARN_BLOCK_CAPTURE_AUTORELEASING = YES;
				CLANG_WARN_BOOL_CONVERSION = YES;
				CLANG_WARN_COMMA = YES;
				CLANG_WARN_CONSTANT_CONVERSION = YES;
				CLANG_WARN_DIRECT_OBJC_ISA_USAGE = YES_ERROR;
				CLANG_WARN_EMPTY_BODY = YES;
				CLANG_WARN_ENUM_CONVERSION = YES;
				CLANG_WARN_INFINITE_RECURSION = YES;
				CLANG_WARN_INT_CONVERSION = YES;
				CLANG_WARN_NON_LITERAL_NULL_CONVERSION = YES;
				CLANG_WARN_OBJC_LITERAL_CONVERSION = YES;
				CLANG_WARN_OBJC_ROOT_CLASS = YES_ERROR;
				CLANG_WARN_RANGE_LOOP_ANALYSIS = YES;
				CLANG_WARN_STRICT_PROTOTYPES = YES;
				CLANG_WARN_SUSPICIOUS_MOVE = YES;
				CLANG_WARN_UNREACHABLE_CODE = YES;
				CLANG_WARN__DUPLICATE_METHOD_MATCH = YES;
				"CODE_SIGN_IDENTITY[sdk=iphoneos*]" = "iPhone Developer";
				COPY_PHASE_STRIP = NO;
				DEBUG_INFORMATION_FORMAT = "dwarf-with-dsym";
				ENABLE_NS_ASSERTIONS = NO;
				ENABLE_STRICT_OBJC_MSGSEND = YES;
				GCC_C_LANGUAGE_STANDARD = gnu99;
				GCC_NO_COMMON_BLOCKS = YES;
				GCC_WARN_64_TO_32_BIT_CONVERSION = YES;
				GCC_WARN_ABOUT_RETURN_TYPE = YES_ERROR;
				GCC_WARN_UNDECLARED_SELECTOR = YES;
				GCC_WARN_UNINITIALIZED_AUTOS = YES_AGGRESSIVE;
				GCC_WARN_UNUSED_FUNCTION = YES;
				GCC_WARN_UNUSED_VARIABLE = YES;
				IPHONEOS_DEPLOYMENT_TARGET = 8.4;
				MACOSX_DEPLOYMENT_TARGET = 10.11;
				MTL_ENABLE_DEBUG_INFO = NO;
				SDKROOT = iphoneos;
				SWIFT_OPTIMIZATION_LEVEL = "-Owholemodule";
				VALIDATE_PRODUCT = YES;
			};
			name = Release;
		};
		8D4FA77C1C9C8693000285BA /* Debug */ = {
			isa = XCBuildConfiguration;
			baseConfigurationReference = D2D73EDAC08C01F7B891FC66 /* Pods-SwiftySensors iOS.debug.xcconfig */;
			buildSettings = {
				ALWAYS_EMBED_SWIFT_STANDARD_LIBRARIES = YES;
				CLANG_ENABLE_MODULES = YES;
				CODE_SIGN_IDENTITY = "iPhone Developer";
				"CODE_SIGN_IDENTITY[sdk=iphoneos*]" = "";
				CURRENT_PROJECT_VERSION = 1;
				DEFINES_MODULE = YES;
				DYLIB_COMPATIBILITY_VERSION = 1;
				DYLIB_CURRENT_VERSION = 1;
				DYLIB_INSTALL_NAME_BASE = "@rpath";
				INFOPLIST_FILE = "$(SRCROOT)/Sources/Info.plist";
				INSTALL_PATH = "$(LOCAL_LIBRARY_DIR)/Frameworks";
				LD_RUNPATH_SEARCH_PATHS = "$(inherited) @executable_path/Frameworks @loader_path/Frameworks";
				PRODUCT_BUNDLE_IDENTIFIER = com.kinetic.SwiftySensors;
				PRODUCT_NAME = SwiftySensors;
				SKIP_INSTALL = YES;
				SWIFT_OPTIMIZATION_LEVEL = "-Onone";
				SWIFT_SWIFT3_OBJC_INFERENCE = Default;
				SWIFT_VERSION = 4.0;
				TARGETED_DEVICE_FAMILY = "1,2";
				VERSIONING_SYSTEM = "apple-generic";
				VERSION_INFO_PREFIX = "";
			};
			name = Debug;
		};
		8D4FA77D1C9C8693000285BA /* Release */ = {
			isa = XCBuildConfiguration;
			baseConfigurationReference = 7D616CD15F403945FCE530FF /* Pods-SwiftySensors iOS.release.xcconfig */;
			buildSettings = {
				ALWAYS_EMBED_SWIFT_STANDARD_LIBRARIES = YES;
				CLANG_ENABLE_MODULES = YES;
				CODE_SIGN_IDENTITY = "iPhone Developer";
				"CODE_SIGN_IDENTITY[sdk=iphoneos*]" = "";
				CURRENT_PROJECT_VERSION = 1;
				DEFINES_MODULE = YES;
				DYLIB_COMPATIBILITY_VERSION = 1;
				DYLIB_CURRENT_VERSION = 1;
				DYLIB_INSTALL_NAME_BASE = "@rpath";
				INFOPLIST_FILE = "$(SRCROOT)/Sources/Info.plist";
				INSTALL_PATH = "$(LOCAL_LIBRARY_DIR)/Frameworks";
				LD_RUNPATH_SEARCH_PATHS = "$(inherited) @executable_path/Frameworks @loader_path/Frameworks";
				PRODUCT_BUNDLE_IDENTIFIER = com.kinetic.SwiftySensors;
				PRODUCT_NAME = SwiftySensors;
				SKIP_INSTALL = YES;
				SWIFT_SWIFT3_OBJC_INFERENCE = Default;
				SWIFT_VERSION = 4.0;
				TARGETED_DEVICE_FAMILY = "1,2";
				VERSIONING_SYSTEM = "apple-generic";
				VERSION_INFO_PREFIX = "";
			};
			name = Release;
		};
		8D659AC61C9C8B2300CF3C60 /* Debug */ = {
			isa = XCBuildConfiguration;
			baseConfigurationReference = A424BF11970E04291F962ABB /* Pods-SwiftySensorsExample.debug.xcconfig */;
			buildSettings = {
				ALWAYS_EMBED_SWIFT_STANDARD_LIBRARIES = YES;
				ASSETCATALOG_COMPILER_APPICON_NAME = AppIcon;
				CODE_SIGN_IDENTITY = "iPhone Developer";
				"CODE_SIGN_IDENTITY[sdk=iphoneos*]" = "iPhone Developer";
				DEVELOPMENT_TEAM = "";
				INFOPLIST_FILE = SwiftySensorsExample/Info.plist;
				IPHONEOS_DEPLOYMENT_TARGET = 9.2;
				LD_RUNPATH_SEARCH_PATHS = "$(inherited) @executable_path/Frameworks";
				PRODUCT_BUNDLE_IDENTIFIER = com.kinetic.SwiftySensorsExample;
				PRODUCT_NAME = "$(TARGET_NAME)";
				PROVISIONING_PROFILE = "";
				PROVISIONING_PROFILE_SPECIFIER = "";
				SWIFT_SWIFT3_OBJC_INFERENCE = Default;
				SWIFT_VERSION = 4.0;
			};
			name = Debug;
		};
		8D659AC71C9C8B2300CF3C60 /* Release */ = {
			isa = XCBuildConfiguration;
			baseConfigurationReference = FC6E45D40E62A3D07823C750 /* Pods-SwiftySensorsExample.release.xcconfig */;
			buildSettings = {
				ALWAYS_EMBED_SWIFT_STANDARD_LIBRARIES = YES;
				ASSETCATALOG_COMPILER_APPICON_NAME = AppIcon;
				CODE_SIGN_IDENTITY = "iPhone Developer";
				"CODE_SIGN_IDENTITY[sdk=iphoneos*]" = "iPhone Developer";
				DEVELOPMENT_TEAM = "";
				INFOPLIST_FILE = SwiftySensorsExample/Info.plist;
				IPHONEOS_DEPLOYMENT_TARGET = 9.2;
				LD_RUNPATH_SEARCH_PATHS = "$(inherited) @executable_path/Frameworks";
				PRODUCT_BUNDLE_IDENTIFIER = com.kinetic.SwiftySensorsExample;
				PRODUCT_NAME = "$(TARGET_NAME)";
				PROVISIONING_PROFILE = "";
				PROVISIONING_PROFILE_SPECIFIER = "";
				SWIFT_SWIFT3_OBJC_INFERENCE = Default;
				SWIFT_VERSION = 4.0;
			};
			name = Release;
		};
		8D81401E1CA59927001D75B3 /* Debug */ = {
			isa = XCBuildConfiguration;
			baseConfigurationReference = 8D6EF9BF332026EEBBFC6DBB /* Pods-SwiftySensors macOS.debug.xcconfig */;
			buildSettings = {
				CLANG_ENABLE_MODULES = YES;
				CODE_SIGN_IDENTITY = "";
				COMBINE_HIDPI_IMAGES = YES;
				DEFINES_MODULE = YES;
				DEVELOPMENT_TEAM = "";
				DYLIB_COMPATIBILITY_VERSION = 1;
				DYLIB_CURRENT_VERSION = 1;
				DYLIB_INSTALL_NAME_BASE = "@rpath";
				FRAMEWORK_VERSION = A;
				INFOPLIST_FILE = "$(SRCROOT)/Sources/Info.plist";
				INSTALL_PATH = "$(LOCAL_LIBRARY_DIR)/Frameworks";
				LD_RUNPATH_SEARCH_PATHS = "$(inherited) @executable_path/../Frameworks @loader_path/Frameworks";
				MACOSX_DEPLOYMENT_TARGET = 10.13;
				PRODUCT_BUNDLE_IDENTIFIER = com.kinetic.SwiftySensors;
				PRODUCT_NAME = SwiftySensors;
				SDKROOT = macosx;
				SKIP_INSTALL = YES;
				SWIFT_OPTIMIZATION_LEVEL = "-Onone";
				SWIFT_VERSION = 4.0;
			};
			name = Debug;
		};
		8D81401F1CA59927001D75B3 /* Release */ = {
			isa = XCBuildConfiguration;
			baseConfigurationReference = ACACF3C05A92000BD1D2C124 /* Pods-SwiftySensors macOS.release.xcconfig */;
			buildSettings = {
				CLANG_ENABLE_MODULES = YES;
				CODE_SIGN_IDENTITY = "";
				COMBINE_HIDPI_IMAGES = YES;
				DEFINES_MODULE = YES;
				DEVELOPMENT_TEAM = "";
				DYLIB_COMPATIBILITY_VERSION = 1;
				DYLIB_CURRENT_VERSION = 1;
				DYLIB_INSTALL_NAME_BASE = "@rpath";
				FRAMEWORK_VERSION = A;
				INFOPLIST_FILE = "$(SRCROOT)/Sources/Info.plist";
				INSTALL_PATH = "$(LOCAL_LIBRARY_DIR)/Frameworks";
				LD_RUNPATH_SEARCH_PATHS = "$(inherited) @executable_path/../Frameworks @loader_path/Frameworks";
				MACOSX_DEPLOYMENT_TARGET = 10.13;
				PRODUCT_BUNDLE_IDENTIFIER = com.kinetic.SwiftySensors;
				PRODUCT_NAME = SwiftySensors;
				SDKROOT = macosx;
				SKIP_INSTALL = YES;
				SWIFT_VERSION = 4.0;
			};
			name = Release;
		};
/* End XCBuildConfiguration section */

/* Begin XCConfigurationList section */
		8D0B379F1FE18EA20073A7F7 /* Build configuration list for PBXNativeTarget "SwiftySensors tvOS" */ = {
			isa = XCConfigurationList;
			buildConfigurations = (
				8D0B37A01FE18EA20073A7F7 /* Debug */,
				8D0B37A11FE18EA20073A7F7 /* Release */,
			);
			defaultConfigurationIsVisible = 0;
			defaultConfigurationName = Release;
		};
		8D4FA74D1C9C8594000285BA /* Build configuration list for PBXProject "SwiftySensors" */ = {
			isa = XCConfigurationList;
			buildConfigurations = (
				8D4FA7621C9C8594000285BA /* Debug */,
				8D4FA7631C9C8594000285BA /* Release */,
			);
			defaultConfigurationIsVisible = 0;
			defaultConfigurationName = Release;
		};
		8D4FA77B1C9C8693000285BA /* Build configuration list for PBXNativeTarget "SwiftySensors iOS" */ = {
			isa = XCConfigurationList;
			buildConfigurations = (
				8D4FA77C1C9C8693000285BA /* Debug */,
				8D4FA77D1C9C8693000285BA /* Release */,
			);
			defaultConfigurationIsVisible = 0;
			defaultConfigurationName = Release;
		};
		8D659AC51C9C8B2300CF3C60 /* Build configuration list for PBXNativeTarget "SwiftySensorsExample" */ = {
			isa = XCConfigurationList;
			buildConfigurations = (
				8D659AC61C9C8B2300CF3C60 /* Debug */,
				8D659AC71C9C8B2300CF3C60 /* Release */,
			);
			defaultConfigurationIsVisible = 0;
			defaultConfigurationName = Release;
		};
		8D81401D1CA59927001D75B3 /* Build configuration list for PBXNativeTarget "SwiftySensors macOS" */ = {
			isa = XCConfigurationList;
			buildConfigurations = (
				8D81401E1CA59927001D75B3 /* Debug */,
				8D81401F1CA59927001D75B3 /* Release */,
			);
			defaultConfigurationIsVisible = 0;
			defaultConfigurationName = Release;
		};
/* End XCConfigurationList section */
	};
	rootObject = 8D4FA74A1C9C8594000285BA /* Project object */;
}
